// !$*UTF8*$!
{
	archiveVersion = 1;
	classes = {
	};
	objectVersion = 48;
	objects = {

/* Begin PBXBuildFile section */
		A1D7D44C1F8BAFBA009EDE1A /* AppDelegate.swift in Sources */ = {isa = PBXBuildFile; fileRef = A1D7D44B1F8BAFBA009EDE1A /* AppDelegate.swift */; };
		A1D7D44E1F8BAFBA009EDE1A /* ViewController.swift in Sources */ = {isa = PBXBuildFile; fileRef = A1D7D44D1F8BAFBA009EDE1A /* ViewController.swift */; };
		A1D7D4511F8BAFBA009EDE1A /* Main.storyboard in Resources */ = {isa = PBXBuildFile; fileRef = A1D7D44F1F8BAFBA009EDE1A /* Main.storyboard */; };
		A1D7D4531F8BAFBA009EDE1A /* Assets.xcassets in Resources */ = {isa = PBXBuildFile; fileRef = A1D7D4521F8BAFBA009EDE1A /* Assets.xcassets */; };
		A1D7D4561F8BAFBA009EDE1A /* LaunchScreen.storyboard in Resources */ = {isa = PBXBuildFile; fileRef = A1D7D4541F8BAFBA009EDE1A /* LaunchScreen.storyboard */; };
		A1D7D45E1F8BB963009EDE1A /* Pusher.swift in Sources */ = {isa = PBXBuildFile; fileRef = A1D7D45D1F8BB963009EDE1A /* Pusher.swift */; };
		A1D7D4601F8BB9F8009EDE1A /* PusherRegisterable.swift in Sources */ = {isa = PBXBuildFile; fileRef = A1D7D45F1F8BB9F8009EDE1A /* PusherRegisterable.swift */; };
		A1D7D4641F8BBAB5009EDE1A /* PusherSubscribable.swift in Sources */ = {isa = PBXBuildFile; fileRef = A1D7D4631F8BBAB5009EDE1A /* PusherSubscribable.swift */; };
/* End PBXBuildFile section */

/* Begin PBXFileReference section */
		A1D7D4481F8BAFBA009EDE1A /* errol-ios.app */ = {isa = PBXFileReference; explicitFileType = wrapper.application; includeInIndex = 0; path = "errol-ios.app"; sourceTree = BUILT_PRODUCTS_DIR; };
		A1D7D44B1F8BAFBA009EDE1A /* AppDelegate.swift */ = {isa = PBXFileReference; lastKnownFileType = sourcecode.swift; path = AppDelegate.swift; sourceTree = "<group>"; };
		A1D7D44D1F8BAFBA009EDE1A /* ViewController.swift */ = {isa = PBXFileReference; lastKnownFileType = sourcecode.swift; path = ViewController.swift; sourceTree = "<group>"; };
		A1D7D4501F8BAFBA009EDE1A /* Base */ = {isa = PBXFileReference; lastKnownFileType = file.storyboard; name = Base; path = Base.lproj/Main.storyboard; sourceTree = "<group>"; };
		A1D7D4521F8BAFBA009EDE1A /* Assets.xcassets */ = {isa = PBXFileReference; lastKnownFileType = folder.assetcatalog; path = Assets.xcassets; sourceTree = "<group>"; };
		A1D7D4551F8BAFBA009EDE1A /* Base */ = {isa = PBXFileReference; lastKnownFileType = file.storyboard; name = Base; path = Base.lproj/LaunchScreen.storyboard; sourceTree = "<group>"; };
		A1D7D4571F8BAFBA009EDE1A /* Info.plist */ = {isa = PBXFileReference; lastKnownFileType = text.plist.xml; path = Info.plist; sourceTree = "<group>"; };
		A1D7D45D1F8BB963009EDE1A /* Pusher.swift */ = {isa = PBXFileReference; lastKnownFileType = sourcecode.swift; path = Pusher.swift; sourceTree = "<group>"; };
		A1D7D45F1F8BB9F8009EDE1A /* PusherRegisterable.swift */ = {isa = PBXFileReference; lastKnownFileType = sourcecode.swift; path = PusherRegisterable.swift; sourceTree = "<group>"; };
		A1D7D4631F8BBAB5009EDE1A /* PusherSubscribable.swift */ = {isa = PBXFileReference; lastKnownFileType = sourcecode.swift; path = PusherSubscribable.swift; sourceTree = "<group>"; };
/* End PBXFileReference section */

/* Begin PBXFrameworksBuildPhase section */
		A1D7D4451F8BAFBA009EDE1A /* Frameworks */ = {
			isa = PBXFrameworksBuildPhase;
			buildActionMask = 2147483647;
			files = (
			);
			runOnlyForDeploymentPostprocessing = 0;
		};
/* End PBXFrameworksBuildPhase section */

/* Begin PBXGroup section */
		A1D7D43F1F8BAFBA009EDE1A = {
			isa = PBXGroup;
			children = (
				A1D7D44A1F8BAFBA009EDE1A /* errol-ios */,
				A1D7D4491F8BAFBA009EDE1A /* Products */,
			);
			sourceTree = "<group>";
		};
		A1D7D4491F8BAFBA009EDE1A /* Products */ = {
			isa = PBXGroup;
			children = (
				A1D7D4481F8BAFBA009EDE1A /* errol-ios.app */,
			);
			name = Products;
			sourceTree = "<group>";
		};
		A1D7D44A1F8BAFBA009EDE1A /* errol-ios */ = {
			isa = PBXGroup;
			children = (
				A1D7D44B1F8BAFBA009EDE1A /* AppDelegate.swift */,
				A1D7D44D1F8BAFBA009EDE1A /* ViewController.swift */,
				A1D7D44F1F8BAFBA009EDE1A /* Main.storyboard */,
				A1D7D4521F8BAFBA009EDE1A /* Assets.xcassets */,
				A1D7D4541F8BAFBA009EDE1A /* LaunchScreen.storyboard */,
				A1D7D4571F8BAFBA009EDE1A /* Info.plist */,
				A1D7D45D1F8BB963009EDE1A /* Pusher.swift */,
				A1D7D45F1F8BB9F8009EDE1A /* PusherRegisterable.swift */,
				A1D7D4631F8BBAB5009EDE1A /* PusherSubscribable.swift */,
			);
			path = "errol-ios";
			sourceTree = "<group>";
		};
/* End PBXGroup section */

/* Begin PBXNativeTarget section */
		A1D7D4471F8BAFBA009EDE1A /* errol-ios */ = {
			isa = PBXNativeTarget;
			buildConfigurationList = A1D7D45A1F8BAFBA009EDE1A /* Build configuration list for PBXNativeTarget "errol-ios" */;
			buildPhases = (
				A1D7D4441F8BAFBA009EDE1A /* Sources */,
				A1D7D4451F8BAFBA009EDE1A /* Frameworks */,
				A1D7D4461F8BAFBA009EDE1A /* Resources */,
			);
			buildRules = (
			);
			dependencies = (
			);
			name = "errol-ios";
			productName = "errol-ios";
			productReference = A1D7D4481F8BAFBA009EDE1A /* errol-ios.app */;
			productType = "com.apple.product-type.application";
		};
/* End PBXNativeTarget section */

/* Begin PBXProject section */
		A1D7D4401F8BAFBA009EDE1A /* Project object */ = {
			isa = PBXProject;
			attributes = {
				LastSwiftUpdateCheck = 0910;
				LastUpgradeCheck = 0910;
				ORGANIZATIONNAME = Pusher;
				TargetAttributes = {
					A1D7D4471F8BAFBA009EDE1A = {
						CreatedOnToolsVersion = 9.1;
						ProvisioningStyle = Automatic;
					};
				};
			};
			buildConfigurationList = A1D7D4431F8BAFBA009EDE1A /* Build configuration list for PBXProject "errol-ios" */;
			compatibilityVersion = "Xcode 8.0";
			developmentRegion = en;
			hasScannedForEncodings = 0;
			knownRegions = (
				en,
				Base,
			);
			mainGroup = A1D7D43F1F8BAFBA009EDE1A;
			productRefGroup = A1D7D4491F8BAFBA009EDE1A /* Products */;
			projectDirPath = "";
			projectRoot = "";
			targets = (
				A1D7D4471F8BAFBA009EDE1A /* errol-ios */,
			);
		};
/* End PBXProject section */

/* Begin PBXResourcesBuildPhase section */
		A1D7D4461F8BAFBA009EDE1A /* Resources */ = {
			isa = PBXResourcesBuildPhase;
			buildActionMask = 2147483647;
			files = (
				A1D7D4561F8BAFBA009EDE1A /* LaunchScreen.storyboard in Resources */,
				A1D7D4531F8BAFBA009EDE1A /* Assets.xcassets in Resources */,
				A1D7D4511F8BAFBA009EDE1A /* Main.storyboard in Resources */,
			);
			runOnlyForDeploymentPostprocessing = 0;
		};
/* End PBXResourcesBuildPhase section */

/* Begin PBXSourcesBuildPhase section */
		A1D7D4441F8BAFBA009EDE1A /* Sources */ = {
			isa = PBXSourcesBuildPhase;
			buildActionMask = 2147483647;
			files = (
				A1D7D4641F8BBAB5009EDE1A /* PusherSubscribable.swift in Sources */,
				A1D7D44E1F8BAFBA009EDE1A /* ViewController.swift in Sources */,
				A1D7D44C1F8BAFBA009EDE1A /* AppDelegate.swift in Sources */,
				A1D7D45E1F8BB963009EDE1A /* Pusher.swift in Sources */,
				A1D7D4601F8BB9F8009EDE1A /* PusherRegisterable.swift in Sources */,
			);
			runOnlyForDeploymentPostprocessing = 0;
		};
/* End PBXSourcesBuildPhase section */

/* Begin PBXVariantGroup section */
		A1D7D44F1F8BAFBA009EDE1A /* Main.storyboard */ = {
			isa = PBXVariantGroup;
			children = (
				A1D7D4501F8BAFBA009EDE1A /* Base */,
			);
			name = Main.storyboard;
			sourceTree = "<group>";
		};
		A1D7D4541F8BAFBA009EDE1A /* LaunchScreen.storyboard */ = {
			isa = PBXVariantGroup;
			children = (
				A1D7D4551F8BAFBA009EDE1A /* Base */,
			);
			name = LaunchScreen.storyboard;
			sourceTree = "<group>";
		};
/* End PBXVariantGroup section */

/* Begin XCBuildConfiguration section */
		A1D7D4581F8BAFBA009EDE1A /* Debug */ = {
			isa = XCBuildConfiguration;
			buildSettings = {
				ALWAYS_SEARCH_USER_PATHS = NO;
				CLANG_ANALYZER_NONNULL = YES;
				CLANG_ANALYZER_NUMBER_OBJECT_CONVERSION = YES_AGGRESSIVE;
				CLANG_CXX_LANGUAGE_STANDARD = "gnu++14";
				CLANG_CXX_LIBRARY = "libc++";
				CLANG_ENABLE_MODULES = YES;
				CLANG_ENABLE_OBJC_ARC = YES;
				CLANG_WARN_BLOCK_CAPTURE_AUTORELEASING = YES;
				CLANG_WARN_BOOL_CONVERSION = YES;
				CLANG_WARN_COMMA = YES;
				CLANG_WARN_CONSTANT_CONVERSION = YES;
				CLANG_WARN_DIRECT_OBJC_ISA_USAGE = YES_ERROR;
				CLANG_WARN_DOCUMENTATION_COMMENTS = YES;
				CLANG_WARN_EMPTY_BODY = YES;
				CLANG_WARN_ENUM_CONVERSION = YES;
				CLANG_WARN_INFINITE_RECURSION = YES;
				CLANG_WARN_INT_CONVERSION = YES;
				CLANG_WARN_NON_LITERAL_NULL_CONVERSION = YES;
				CLANG_WARN_OBJC_LITERAL_CONVERSION = YES;
				CLANG_WARN_OBJC_ROOT_CLASS = YES_ERROR;
				CLANG_WARN_RANGE_LOOP_ANALYSIS = YES;
				CLANG_WARN_STRICT_PROTOTYPES = YES;
				CLANG_WARN_SUSPICIOUS_MOVE = YES;
				CLANG_WARN_UNGUARDED_AVAILABILITY = YES_AGGRESSIVE;
				CLANG_WARN_UNREACHABLE_CODE = YES;
				CLANG_WARN__DUPLICATE_METHOD_MATCH = YES;
				CODE_SIGN_IDENTITY = "iPhone Developer";
				COPY_PHASE_STRIP = NO;
				DEBUG_INFORMATION_FORMAT = dwarf;
				ENABLE_STRICT_OBJC_MSGSEND = YES;
				ENABLE_TESTABILITY = YES;
				GCC_C_LANGUAGE_STANDARD = gnu11;
				GCC_DYNAMIC_NO_PIC = NO;
				GCC_NO_COMMON_BLOCKS = YES;
				GCC_OPTIMIZATION_LEVEL = 0;
				GCC_PREPROCESSOR_DEFINITIONS = (
					"DEBUG=1",
					"$(inherited)",
				);
				GCC_WARN_64_TO_32_BIT_CONVERSION = YES;
				GCC_WARN_ABOUT_RETURN_TYPE = YES_ERROR;
				GCC_WARN_UNDECLARED_SELECTOR = YES;
				GCC_WARN_UNINITIALIZED_AUTOS = YES_AGGRESSIVE;
				GCC_WARN_UNUSED_FUNCTION = YES;
				GCC_WARN_UNUSED_VARIABLE = YES;
				IPHONEOS_DEPLOYMENT_TARGET = 11.1;
				MTL_ENABLE_DEBUG_INFO = YES;
				ONLY_ACTIVE_ARCH = YES;
				SDKROOT = iphoneos;
				SWIFT_ACTIVE_COMPILATION_CONDITIONS = DEBUG;
				SWIFT_OPTIMIZATION_LEVEL = "-Onone";
			};
			name = Debug;
		};
		A1D7D4591F8BAFBA009EDE1A /* Release */ = {
			isa = XCBuildConfiguration;
			buildSettings = {
				ALWAYS_SEARCH_USER_PATHS = NO;
				CLANG_ANALYZER_NONNULL = YES;
				CLANG_ANALYZER_NUMBER_OBJECT_CONVERSION = YES_AGGRESSIVE;
				CLANG_CXX_LANGUAGE_STANDARD = "gnu++14";
				CLANG_CXX_LIBRARY = "libc++";
				CLANG_ENABLE_MODULES = YES;
				CLANG_ENABLE_OBJC_ARC = YES;
				CLANG_WARN_BLOCK_CAPTURE_AUTORELEASING = YES;
				CLANG_WARN_BOOL_CONVERSION = YES;
				CLANG_WARN_COMMA = YES;
				CLANG_WARN_CONSTANT_CONVERSION = YES;
				CLANG_WARN_DIRECT_OBJC_ISA_USAGE = YES_ERROR;
				CLANG_WARN_DOCUMENTATION_COMMENTS = YES;
				CLANG_WARN_EMPTY_BODY = YES;
				CLANG_WARN_ENUM_CONVERSION = YES;
				CLANG_WARN_INFINITE_RECURSION = YES;
				CLANG_WARN_INT_CONVERSION = YES;
				CLANG_WARN_NON_LITERAL_NULL_CONVERSION = YES;
				CLANG_WARN_OBJC_LITERAL_CONVERSION = YES;
				CLANG_WARN_OBJC_ROOT_CLASS = YES_ERROR;
				CLANG_WARN_RANGE_LOOP_ANALYSIS = YES;
				CLANG_WARN_STRICT_PROTOTYPES = YES;
				CLANG_WARN_SUSPICIOUS_MOVE = YES;
				CLANG_WARN_UNGUARDED_AVAILABILITY = YES_AGGRESSIVE;
				CLANG_WARN_UNREACHABLE_CODE = YES;
				CLANG_WARN__DUPLICATE_METHOD_MATCH = YES;
				CODE_SIGN_IDENTITY = "iPhone Developer";
				COPY_PHASE_STRIP = NO;
				DEBUG_INFORMATION_FORMAT = "dwarf-with-dsym";
				ENABLE_NS_ASSERTIONS = NO;
				ENABLE_STRICT_OBJC_MSGSEND = YES;
				GCC_C_LANGUAGE_STANDARD = gnu11;
				GCC_NO_COMMON_BLOCKS = YES;
				GCC_WARN_64_TO_32_BIT_CONVERSION = YES;
				GCC_WARN_ABOUT_RETURN_TYPE = YES_ERROR;
				GCC_WARN_UNDECLARED_SELECTOR = YES;
				GCC_WARN_UNINITIALIZED_AUTOS = YES_AGGRESSIVE;
				GCC_WARN_UNUSED_FUNCTION = YES;
				GCC_WARN_UNUSED_VARIABLE = YES;
				IPHONEOS_DEPLOYMENT_TARGET = 11.1;
				MTL_ENABLE_DEBUG_INFO = NO;
				SDKROOT = iphoneos;
				SWIFT_OPTIMIZATION_LEVEL = "-Owholemodule";
				VALIDATE_PRODUCT = YES;
			};
			name = Release;
		};
		A1D7D45B1F8BAFBA009EDE1A /* Debug */ = {
			isa = XCBuildConfiguration;
			buildSettings = {
				ASSETCATALOG_COMPILER_APPICON_NAME = AppIcon;
				CODE_SIGN_STYLE = Automatic;
				DEVELOPMENT_TEAM = H7FL434D9W;
				INFOPLIST_FILE = "errol-ios/Info.plist";
				LD_RUNPATH_SEARCH_PATHS = "$(inherited) @executable_path/Frameworks";
				PRODUCT_BUNDLE_IDENTIFIER = "com.pusher.errol-ios";
				PRODUCT_NAME = "$(TARGET_NAME)";
				SWIFT_VERSION = 4.0;
				TARGETED_DEVICE_FAMILY = "1,2";
			};
			name = Debug;
		};
		A1D7D45C1F8BAFBA009EDE1A /* Release */ = {
			isa = XCBuildConfiguration;
			buildSettings = {
				ASSETCATALOG_COMPILER_APPICON_NAME = AppIcon;
				CODE_SIGN_STYLE = Automatic;
				DEVELOPMENT_TEAM = H7FL434D9W;
				INFOPLIST_FILE = "errol-ios/Info.plist";
				LD_RUNPATH_SEARCH_PATHS = "$(inherited) @executable_path/Frameworks";
				PRODUCT_BUNDLE_IDENTIFIER = "com.pusher.errol-ios";
				PRODUCT_NAME = "$(TARGET_NAME)";
				SWIFT_VERSION = 4.0;
				TARGETED_DEVICE_FAMILY = "1,2";
			};
			name = Release;
		};
/* End XCBuildConfiguration section */

/* Begin XCConfigurationList section */
		A1D7D4431F8BAFBA009EDE1A /* Build configuration list for PBXProject "errol-ios" */ = {
			isa = XCConfigurationList;
			buildConfigurations = (
				A1D7D4581F8BAFBA009EDE1A /* Debug */,
				A1D7D4591F8BAFBA009EDE1A /* Release */,
			);
			defaultConfigurationIsVisible = 0;
			defaultConfigurationName = Release;
		};
		A1D7D45A1F8BAFBA009EDE1A /* Build configuration list for PBXNativeTarget "errol-ios" */ = {
			isa = XCConfigurationList;
			buildConfigurations = (
				A1D7D45B1F8BAFBA009EDE1A /* Debug */,
				A1D7D45C1F8BAFBA009EDE1A /* Release */,
			);
			defaultConfigurationIsVisible = 0;
			defaultConfigurationName = Release;
		};
/* End XCConfigurationList section */
	};
	rootObject = A1D7D4401F8BAFBA009EDE1A /* Project object */;
}
