// !$*UTF8*$!
{
	archiveVersion = 1;
	classes = {
	};
	objectVersion = 48;
	objects = {

/* Begin PBXBuildFile section */
		A1D997D2201F60230022BE62 /* PushNotifications.framework in Frameworks */ = {isa = PBXBuildFile; fileRef = A1FEA5CB201B880900F79A35 /* PushNotifications.framework */; };
		A1D997D3201F60230022BE62 /* PushNotifications.framework in Embed Frameworks */ = {isa = PBXBuildFile; fileRef = A1FEA5CB201B880900F79A35 /* PushNotifications.framework */; settings = {ATTRIBUTES = (CodeSignOnCopy, RemoveHeadersOnCopy, ); }; };
		A1FEA5B6201B87C400F79A35 /* AppDelegate.m in Sources */ = {isa = PBXBuildFile; fileRef = A1FEA5B5201B87C400F79A35 /* AppDelegate.m */; };
		A1FEA5B9201B87C400F79A35 /* ViewController.m in Sources */ = {isa = PBXBuildFile; fileRef = A1FEA5B8201B87C400F79A35 /* ViewController.m */; };
		A1FEA5BB201B87C400F79A35 /* Assets.xcassets in Resources */ = {isa = PBXBuildFile; fileRef = A1FEA5BA201B87C400F79A35 /* Assets.xcassets */; };
		A1FEA5BE201B87C400F79A35 /* Main.storyboard in Resources */ = {isa = PBXBuildFile; fileRef = A1FEA5BC201B87C400F79A35 /* Main.storyboard */; };
		A1FEA5C1201B87C500F79A35 /* main.m in Sources */ = {isa = PBXBuildFile; fileRef = A1FEA5C0201B87C500F79A35 /* main.m */; };
/* End PBXBuildFile section */

/* Begin PBXCopyFilesBuildPhase section */
		A1D997D4201F60230022BE62 /* Embed Frameworks */ = {
			isa = PBXCopyFilesBuildPhase;
			buildActionMask = 2147483647;
			dstPath = "";
			dstSubfolderSpec = 10;
			files = (
				A1D997D3201F60230022BE62 /* PushNotifications.framework in Embed Frameworks */,
			);
			name = "Embed Frameworks";
			runOnlyForDeploymentPostprocessing = 0;
		};
/* End PBXCopyFilesBuildPhase section */

/* Begin PBXFileReference section */
		A1FEA5B1201B87C400F79A35 /* push-notifications-mac-objc.app */ = {isa = PBXFileReference; explicitFileType = wrapper.application; includeInIndex = 0; path = "push-notifications-mac-objc.app"; sourceTree = BUILT_PRODUCTS_DIR; };
		A1FEA5B4201B87C400F79A35 /* AppDelegate.h */ = {isa = PBXFileReference; lastKnownFileType = sourcecode.c.h; path = AppDelegate.h; sourceTree = "<group>"; };
		A1FEA5B5201B87C400F79A35 /* AppDelegate.m */ = {isa = PBXFileReference; lastKnownFileType = sourcecode.c.objc; path = AppDelegate.m; sourceTree = "<group>"; };
		A1FEA5B7201B87C400F79A35 /* ViewController.h */ = {isa = PBXFileReference; lastKnownFileType = sourcecode.c.h; path = ViewController.h; sourceTree = "<group>"; };
		A1FEA5B8201B87C400F79A35 /* ViewController.m */ = {isa = PBXFileReference; lastKnownFileType = sourcecode.c.objc; path = ViewController.m; sourceTree = "<group>"; };
		A1FEA5BA201B87C400F79A35 /* Assets.xcassets */ = {isa = PBXFileReference; lastKnownFileType = folder.assetcatalog; path = Assets.xcassets; sourceTree = "<group>"; };
		A1FEA5BD201B87C400F79A35 /* Base */ = {isa = PBXFileReference; lastKnownFileType = file.storyboard; name = Base; path = Base.lproj/Main.storyboard; sourceTree = "<group>"; };
		A1FEA5BF201B87C500F79A35 /* Info.plist */ = {isa = PBXFileReference; lastKnownFileType = text.plist.xml; path = Info.plist; sourceTree = "<group>"; };
		A1FEA5C0201B87C500F79A35 /* main.m */ = {isa = PBXFileReference; lastKnownFileType = sourcecode.c.objc; path = main.m; sourceTree = "<group>"; };
		A1FEA5C2201B87C500F79A35 /* push_notifications_mac_objc.entitlements */ = {isa = PBXFileReference; lastKnownFileType = text.plist.entitlements; path = push_notifications_mac_objc.entitlements; sourceTree = "<group>"; };
		A1FEA5C8201B880000F79A35 /* push-notifications-mac-objc.entitlements */ = {isa = PBXFileReference; lastKnownFileType = text.plist.entitlements; path = "push-notifications-mac-objc.entitlements"; sourceTree = "<group>"; };
		A1FEA5CB201B880900F79A35 /* PushNotifications.framework */ = {isa = PBXFileReference; explicitFileType = wrapper.framework; path = PushNotifications.framework; sourceTree = BUILT_PRODUCTS_DIR; };
/* End PBXFileReference section */

/* Begin PBXFrameworksBuildPhase section */
		A1FEA5AE201B87C400F79A35 /* Frameworks */ = {
			isa = PBXFrameworksBuildPhase;
			buildActionMask = 2147483647;
			files = (
				A1D997D2201F60230022BE62 /* PushNotifications.framework in Frameworks */,
			);
			runOnlyForDeploymentPostprocessing = 0;
		};
/* End PBXFrameworksBuildPhase section */

/* Begin PBXGroup section */
		A1FEA5A8201B87C400F79A35 = {
			isa = PBXGroup;
			children = (
				A1FEA5B3201B87C400F79A35 /* push-notifications-mac-objc */,
				A1FEA5B2201B87C400F79A35 /* Products */,
				A1FEA5C9201B880900F79A35 /* Frameworks */,
			);
			sourceTree = "<group>";
		};
		A1FEA5B2201B87C400F79A35 /* Products */ = {
			isa = PBXGroup;
			children = (
				A1FEA5B1201B87C400F79A35 /* push-notifications-mac-objc.app */,
			);
			name = Products;
			sourceTree = "<group>";
		};
		A1FEA5B3201B87C400F79A35 /* push-notifications-mac-objc */ = {
			isa = PBXGroup;
			children = (
				A1FEA5C8201B880000F79A35 /* push-notifications-mac-objc.entitlements */,
				A1FEA5B4201B87C400F79A35 /* AppDelegate.h */,
				A1FEA5B5201B87C400F79A35 /* AppDelegate.m */,
				A1FEA5B7201B87C400F79A35 /* ViewController.h */,
				A1FEA5B8201B87C400F79A35 /* ViewController.m */,
				A1FEA5BA201B87C400F79A35 /* Assets.xcassets */,
				A1FEA5BC201B87C400F79A35 /* Main.storyboard */,
				A1FEA5BF201B87C500F79A35 /* Info.plist */,
				A1FEA5C0201B87C500F79A35 /* main.m */,
				A1FEA5C2201B87C500F79A35 /* push_notifications_mac_objc.entitlements */,
			);
			path = "push-notifications-mac-objc";
			sourceTree = "<group>";
		};
		A1FEA5C9201B880900F79A35 /* Frameworks */ = {
			isa = PBXGroup;
			children = (
				A1FEA5CB201B880900F79A35 /* PushNotifications.framework */,
			);
			name = Frameworks;
			sourceTree = "<group>";
		};
/* End PBXGroup section */

/* Begin PBXNativeTarget section */
		A1FEA5B0201B87C400F79A35 /* push-notifications-mac-objc */ = {
			isa = PBXNativeTarget;
			buildConfigurationList = A1FEA5C5201B87C500F79A35 /* Build configuration list for PBXNativeTarget "push-notifications-mac-objc" */;
			buildPhases = (
				A1FEA5AD201B87C400F79A35 /* Sources */,
				A1FEA5AE201B87C400F79A35 /* Frameworks */,
				A1FEA5AF201B87C400F79A35 /* Resources */,
				A1D997D4201F60230022BE62 /* Embed Frameworks */,
			);
			buildRules = (
			);
			dependencies = (
			);
			name = "push-notifications-mac-objc";
			productName = "push-notifications-mac-objc";
			productReference = A1FEA5B1201B87C400F79A35 /* push-notifications-mac-objc.app */;
			productType = "com.apple.product-type.application";
		};
/* End PBXNativeTarget section */

/* Begin PBXProject section */
		A1FEA5A9201B87C400F79A35 /* Project object */ = {
			isa = PBXProject;
			attributes = {
				LastUpgradeCheck = 0930;
				ORGANIZATIONNAME = Pusher;
				TargetAttributes = {
					A1FEA5B0201B87C400F79A35 = {
						CreatedOnToolsVersion = 9.2;
						ProvisioningStyle = Automatic;
						SystemCapabilities = {
							com.apple.Push = {
								enabled = 1;
							};
						};
					};
				};
			};
			buildConfigurationList = A1FEA5AC201B87C400F79A35 /* Build configuration list for PBXProject "push-notifications-mac-objc" */;
			compatibilityVersion = "Xcode 8.0";
			developmentRegion = en;
			hasScannedForEncodings = 0;
			knownRegions = (
				en,
				Base,
			);
			mainGroup = A1FEA5A8201B87C400F79A35;
			productRefGroup = A1FEA5B2201B87C400F79A35 /* Products */;
			projectDirPath = "";
			projectRoot = "";
			targets = (
				A1FEA5B0201B87C400F79A35 /* push-notifications-mac-objc */,
			);
		};
/* End PBXProject section */

/* Begin PBXResourcesBuildPhase section */
		A1FEA5AF201B87C400F79A35 /* Resources */ = {
			isa = PBXResourcesBuildPhase;
			buildActionMask = 2147483647;
			files = (
				A1FEA5BB201B87C400F79A35 /* Assets.xcassets in Resources */,
				A1FEA5BE201B87C400F79A35 /* Main.storyboard in Resources */,
			);
			runOnlyForDeploymentPostprocessing = 0;
		};
/* End PBXResourcesBuildPhase section */

/* Begin PBXSourcesBuildPhase section */
		A1FEA5AD201B87C400F79A35 /* Sources */ = {
			isa = PBXSourcesBuildPhase;
			buildActionMask = 2147483647;
			files = (
				A1FEA5B9201B87C400F79A35 /* ViewController.m in Sources */,
				A1FEA5C1201B87C500F79A35 /* main.m in Sources */,
				A1FEA5B6201B87C400F79A35 /* AppDelegate.m in Sources */,
			);
			runOnlyForDeploymentPostprocessing = 0;
		};
/* End PBXSourcesBuildPhase section */

/* Begin PBXVariantGroup section */
		A1FEA5BC201B87C400F79A35 /* Main.storyboard */ = {
			isa = PBXVariantGroup;
			children = (
				A1FEA5BD201B87C400F79A35 /* Base */,
			);
			name = Main.storyboard;
			sourceTree = "<group>";
		};
/* End PBXVariantGroup section */

/* Begin XCBuildConfiguration section */
		A1FEA5C3201B87C500F79A35 /* Debug */ = {
			isa = XCBuildConfiguration;
			buildSettings = {
				ALWAYS_SEARCH_USER_PATHS = NO;
				CLANG_ANALYZER_NONNULL = YES;
				CLANG_ANALYZER_NUMBER_OBJECT_CONVERSION = YES_AGGRESSIVE;
				CLANG_CXX_LANGUAGE_STANDARD = "gnu++14";
				CLANG_CXX_LIBRARY = "libc++";
				CLANG_ENABLE_MODULES = YES;
				CLANG_ENABLE_OBJC_ARC = YES;
				CLANG_WARN_BLOCK_CAPTURE_AUTORELEASING = YES;
				CLANG_WARN_BOOL_CONVERSION = YES;
				CLANG_WARN_COMMA = YES;
				CLANG_WARN_CONSTANT_CONVERSION = YES;
				CLANG_WARN_DEPRECATED_OBJC_IMPLEMENTATIONS = YES;
				CLANG_WARN_DIRECT_OBJC_ISA_USAGE = YES_ERROR;
				CLANG_WARN_DOCUMENTATION_COMMENTS = YES;
				CLANG_WARN_EMPTY_BODY = YES;
				CLANG_WARN_ENUM_CONVERSION = YES;
				CLANG_WARN_INFINITE_RECURSION = YES;
				CLANG_WARN_INT_CONVERSION = YES;
				CLANG_WARN_NON_LITERAL_NULL_CONVERSION = YES;
				CLANG_WARN_OBJC_IMPLICIT_RETAIN_SELF = YES;
				CLANG_WARN_OBJC_LITERAL_CONVERSION = YES;
				CLANG_WARN_OBJC_ROOT_CLASS = YES_ERROR;
				CLANG_WARN_RANGE_LOOP_ANALYSIS = YES;
				CLANG_WARN_STRICT_PROTOTYPES = YES;
				CLANG_WARN_SUSPICIOUS_MOVE = YES;
				CLANG_WARN_UNGUARDED_AVAILABILITY = YES_AGGRESSIVE;
				CLANG_WARN_UNREACHABLE_CODE = YES;
				CLANG_WARN__DUPLICATE_METHOD_MATCH = YES;
				CODE_SIGN_IDENTITY = "Mac Developer";
				COPY_PHASE_STRIP = NO;
				DEBUG_INFORMATION_FORMAT = dwarf;
				ENABLE_STRICT_OBJC_MSGSEND = YES;
				ENABLE_TESTABILITY = YES;
				GCC_C_LANGUAGE_STANDARD = gnu11;
				GCC_DYNAMIC_NO_PIC = NO;
				GCC_NO_COMMON_BLOCKS = YES;
				GCC_OPTIMIZATION_LEVEL = 0;
				GCC_PREPROCESSOR_DEFINITIONS = (
					"DEBUG=1",
					"$(inherited)",
				);
				GCC_WARN_64_TO_32_BIT_CONVERSION = YES;
				GCC_WARN_ABOUT_RETURN_TYPE = YES_ERROR;
				GCC_WARN_UNDECLARED_SELECTOR = YES;
				GCC_WARN_UNINITIALIZED_AUTOS = YES_AGGRESSIVE;
				GCC_WARN_UNUSED_FUNCTION = YES;
				GCC_WARN_UNUSED_VARIABLE = YES;
				MACOSX_DEPLOYMENT_TARGET = 10.13;
				MTL_ENABLE_DEBUG_INFO = YES;
				ONLY_ACTIVE_ARCH = YES;
				SDKROOT = macosx;
			};
			name = Debug;
		};
		A1FEA5C4201B87C500F79A35 /* Release */ = {
			isa = XCBuildConfiguration;
			buildSettings = {
				ALWAYS_SEARCH_USER_PATHS = NO;
				CLANG_ANALYZER_NONNULL = YES;
				CLANG_ANALYZER_NUMBER_OBJECT_CONVERSION = YES_AGGRESSIVE;
				CLANG_CXX_LANGUAGE_STANDARD = "gnu++14";
				CLANG_CXX_LIBRARY = "libc++";
				CLANG_ENABLE_MODULES = YES;
				CLANG_ENABLE_OBJC_ARC = YES;
				CLANG_WARN_BLOCK_CAPTURE_AUTORELEASING = YES;
				CLANG_WARN_BOOL_CONVERSION = YES;
				CLANG_WARN_COMMA = YES;
				CLANG_WARN_CONSTANT_CONVERSION = YES;
				CLANG_WARN_DEPRECATED_OBJC_IMPLEMENTATIONS = YES;
				CLANG_WARN_DIRECT_OBJC_ISA_USAGE = YES_ERROR;
				CLANG_WARN_DOCUMENTATION_COMMENTS = YES;
				CLANG_WARN_EMPTY_BODY = YES;
				CLANG_WARN_ENUM_CONVERSION = YES;
				CLANG_WARN_INFINITE_RECURSION = YES;
				CLANG_WARN_INT_CONVERSION = YES;
				CLANG_WARN_NON_LITERAL_NULL_CONVERSION = YES;
				CLANG_WARN_OBJC_IMPLICIT_RETAIN_SELF = YES;
				CLANG_WARN_OBJC_LITERAL_CONVERSION = YES;
				CLANG_WARN_OBJC_ROOT_CLASS = YES_ERROR;
				CLANG_WARN_RANGE_LOOP_ANALYSIS = YES;
				CLANG_WARN_STRICT_PROTOTYPES = YES;
				CLANG_WARN_SUSPICIOUS_MOVE = YES;
				CLANG_WARN_UNGUARDED_AVAILABILITY = YES_AGGRESSIVE;
				CLANG_WARN_UNREACHABLE_CODE = YES;
				CLANG_WARN__DUPLICATE_METHOD_MATCH = YES;
				CODE_SIGN_IDENTITY = "Mac Developer";
				COPY_PHASE_STRIP = NO;
				DEBUG_INFORMATION_FORMAT = "dwarf-with-dsym";
				ENABLE_NS_ASSERTIONS = NO;
				ENABLE_STRICT_OBJC_MSGSEND = YES;
				GCC_C_LANGUAGE_STANDARD = gnu11;
				GCC_NO_COMMON_BLOCKS = YES;
				GCC_WARN_64_TO_32_BIT_CONVERSION = YES;
				GCC_WARN_ABOUT_RETURN_TYPE = YES_ERROR;
				GCC_WARN_UNDECLARED_SELECTOR = YES;
				GCC_WARN_UNINITIALIZED_AUTOS = YES_AGGRESSIVE;
				GCC_WARN_UNUSED_FUNCTION = YES;
				GCC_WARN_UNUSED_VARIABLE = YES;
				MACOSX_DEPLOYMENT_TARGET = 10.13;
				MTL_ENABLE_DEBUG_INFO = NO;
				SDKROOT = macosx;
			};
			name = Release;
		};
		A1FEA5C6201B87C500F79A35 /* Debug */ = {
			isa = XCBuildConfiguration;
			buildSettings = {
				ALWAYS_EMBED_SWIFT_STANDARD_LIBRARIES = YES;
				ASSETCATALOG_COMPILER_APPICON_NAME = AppIcon;
				CODE_SIGN_ENTITLEMENTS = "push-notifications-mac-objc/push-notifications-mac-objc.entitlements";
				CODE_SIGN_STYLE = Automatic;
				COMBINE_HIDPI_IMAGES = YES;
				DEVELOPMENT_TEAM = H7FL434D9W;
				INFOPLIST_FILE = "push-notifications-mac-objc/Info.plist";
				LD_RUNPATH_SEARCH_PATHS = "$(inherited) @executable_path/../Frameworks";
				PRODUCT_BUNDLE_IDENTIFIER = "com.pusher.push-notifications-mac-objc";
				PRODUCT_NAME = "$(TARGET_NAME)";
			};
			name = Debug;
		};
		A1FEA5C7201B87C500F79A35 /* Release */ = {
			isa = XCBuildConfiguration;
			buildSettings = {
				ALWAYS_EMBED_SWIFT_STANDARD_LIBRARIES = YES;
				ASSETCATALOG_COMPILER_APPICON_NAME = AppIcon;
				CODE_SIGN_ENTITLEMENTS = "push-notifications-mac-objc/push-notifications-mac-objc.entitlements";
				CODE_SIGN_STYLE = Automatic;
				COMBINE_HIDPI_IMAGES = YES;
				DEVELOPMENT_TEAM = H7FL434D9W;
				INFOPLIST_FILE = "push-notifications-mac-objc/Info.plist";
				LD_RUNPATH_SEARCH_PATHS = "$(inherited) @executable_path/../Frameworks";
				PRODUCT_BUNDLE_IDENTIFIER = "com.pusher.push-notifications-mac-objc";
				PRODUCT_NAME = "$(TARGET_NAME)";
			};
			name = Release;
		};
/* End XCBuildConfiguration section */

/* Begin XCConfigurationList section */
		A1FEA5AC201B87C400F79A35 /* Build configuration list for PBXProject "push-notifications-mac-objc" */ = {
			isa = XCConfigurationList;
			buildConfigurations = (
				A1FEA5C3201B87C500F79A35 /* Debug */,
				A1FEA5C4201B87C500F79A35 /* Release */,
			);
			defaultConfigurationIsVisible = 0;
			defaultConfigurationName = Release;
		};
		A1FEA5C5201B87C500F79A35 /* Build configuration list for PBXNativeTarget "push-notifications-mac-objc" */ = {
			isa = XCConfigurationList;
			buildConfigurations = (
				A1FEA5C6201B87C500F79A35 /* Debug */,
				A1FEA5C7201B87C500F79A35 /* Release */,
			);
			defaultConfigurationIsVisible = 0;
			defaultConfigurationName = Release;
		};
/* End XCConfigurationList section */
	};
	rootObject = A1FEA5A9201B87C400F79A35 /* Project object */;
}
