// !$*UTF8*$!
{
	archiveVersion = 1;
	classes = {
	};
	objectVersion = 48;
	objects = {

/* Begin PBXBuildFile section */
		A13DF06E201B82380042A3D6 /* AppDelegate.m in Sources */ = {isa = PBXBuildFile; fileRef = A13DF06D201B82380042A3D6 /* AppDelegate.m */; };
		A13DF071201B82380042A3D6 /* ViewController.m in Sources */ = {isa = PBXBuildFile; fileRef = A13DF070201B82380042A3D6 /* ViewController.m */; };
		A13DF074201B82380042A3D6 /* Main.storyboard in Resources */ = {isa = PBXBuildFile; fileRef = A13DF072201B82380042A3D6 /* Main.storyboard */; };
		A13DF076201B82380042A3D6 /* Assets.xcassets in Resources */ = {isa = PBXBuildFile; fileRef = A13DF075201B82380042A3D6 /* Assets.xcassets */; };
		A13DF079201B82380042A3D6 /* LaunchScreen.storyboard in Resources */ = {isa = PBXBuildFile; fileRef = A13DF077201B82380042A3D6 /* LaunchScreen.storyboard */; };
		A13DF07C201B82380042A3D6 /* main.m in Sources */ = {isa = PBXBuildFile; fileRef = A13DF07B201B82380042A3D6 /* main.m */; };
		A1D997D0201F5F700022BE62 /* PushNotifications.framework in Frameworks */ = {isa = PBXBuildFile; fileRef = A13DF089201B82CB0042A3D6 /* PushNotifications.framework */; };
		A1D997D1201F5F700022BE62 /* PushNotifications.framework in Embed Frameworks */ = {isa = PBXBuildFile; fileRef = A13DF089201B82CB0042A3D6 /* PushNotifications.framework */; settings = {ATTRIBUTES = (CodeSignOnCopy, RemoveHeadersOnCopy, ); }; };
/* End PBXBuildFile section */

/* Begin PBXCopyFilesBuildPhase section */
		A13DF086201B82C40042A3D6 /* Embed Frameworks */ = {
			isa = PBXCopyFilesBuildPhase;
			buildActionMask = 2147483647;
			dstPath = "";
			dstSubfolderSpec = 10;
			files = (
				A1D997D1201F5F700022BE62 /* PushNotifications.framework in Embed Frameworks */,
			);
			name = "Embed Frameworks";
			runOnlyForDeploymentPostprocessing = 0;
		};
/* End PBXCopyFilesBuildPhase section */

/* Begin PBXFileReference section */
		A13DF069201B82380042A3D6 /* push-notifications-objc.app */ = {isa = PBXFileReference; explicitFileType = wrapper.application; includeInIndex = 0; path = "push-notifications-objc.app"; sourceTree = BUILT_PRODUCTS_DIR; };
		A13DF06C201B82380042A3D6 /* AppDelegate.h */ = {isa = PBXFileReference; lastKnownFileType = sourcecode.c.h; path = AppDelegate.h; sourceTree = "<group>"; };
		A13DF06D201B82380042A3D6 /* AppDelegate.m */ = {isa = PBXFileReference; lastKnownFileType = sourcecode.c.objc; path = AppDelegate.m; sourceTree = "<group>"; };
		A13DF06F201B82380042A3D6 /* ViewController.h */ = {isa = PBXFileReference; lastKnownFileType = sourcecode.c.h; path = ViewController.h; sourceTree = "<group>"; };
		A13DF070201B82380042A3D6 /* ViewController.m */ = {isa = PBXFileReference; lastKnownFileType = sourcecode.c.objc; path = ViewController.m; sourceTree = "<group>"; };
		A13DF073201B82380042A3D6 /* Base */ = {isa = PBXFileReference; lastKnownFileType = file.storyboard; name = Base; path = Base.lproj/Main.storyboard; sourceTree = "<group>"; };
		A13DF075201B82380042A3D6 /* Assets.xcassets */ = {isa = PBXFileReference; lastKnownFileType = folder.assetcatalog; path = Assets.xcassets; sourceTree = "<group>"; };
		A13DF078201B82380042A3D6 /* Base */ = {isa = PBXFileReference; lastKnownFileType = file.storyboard; name = Base; path = Base.lproj/LaunchScreen.storyboard; sourceTree = "<group>"; };
		A13DF07A201B82380042A3D6 /* Info.plist */ = {isa = PBXFileReference; lastKnownFileType = text.plist.xml; path = Info.plist; sourceTree = "<group>"; };
		A13DF07B201B82380042A3D6 /* main.m */ = {isa = PBXFileReference; lastKnownFileType = sourcecode.c.objc; path = main.m; sourceTree = "<group>"; };
		A13DF082201B829A0042A3D6 /* push-notifications-objc.entitlements */ = {isa = PBXFileReference; lastKnownFileType = text.plist.entitlements; path = "push-notifications-objc.entitlements"; sourceTree = "<group>"; };
		A13DF089201B82CB0042A3D6 /* PushNotifications.framework */ = {isa = PBXFileReference; explicitFileType = wrapper.framework; path = PushNotifications.framework; sourceTree = BUILT_PRODUCTS_DIR; };
/* End PBXFileReference section */

/* Begin PBXFrameworksBuildPhase section */
		A13DF066201B82380042A3D6 /* Frameworks */ = {
			isa = PBXFrameworksBuildPhase;
			buildActionMask = 2147483647;
			files = (
				A1D997D0201F5F700022BE62 /* PushNotifications.framework in Frameworks */,
			);
			runOnlyForDeploymentPostprocessing = 0;
		};
/* End PBXFrameworksBuildPhase section */

/* Begin PBXGroup section */
		A13DF060201B82380042A3D6 = {
			isa = PBXGroup;
			children = (
				A13DF06B201B82380042A3D6 /* push-notifications-objc */,
				A13DF06A201B82380042A3D6 /* Products */,
				A13DF087201B82CB0042A3D6 /* Frameworks */,
			);
			sourceTree = "<group>";
		};
		A13DF06A201B82380042A3D6 /* Products */ = {
			isa = PBXGroup;
			children = (
				A13DF069201B82380042A3D6 /* push-notifications-objc.app */,
			);
			name = Products;
			sourceTree = "<group>";
		};
		A13DF06B201B82380042A3D6 /* push-notifications-objc */ = {
			isa = PBXGroup;
			children = (
				A13DF082201B829A0042A3D6 /* push-notifications-objc.entitlements */,
				A13DF06C201B82380042A3D6 /* AppDelegate.h */,
				A13DF06D201B82380042A3D6 /* AppDelegate.m */,
				A13DF06F201B82380042A3D6 /* ViewController.h */,
				A13DF070201B82380042A3D6 /* ViewController.m */,
				A13DF072201B82380042A3D6 /* Main.storyboard */,
				A13DF075201B82380042A3D6 /* Assets.xcassets */,
				A13DF077201B82380042A3D6 /* LaunchScreen.storyboard */,
				A13DF07A201B82380042A3D6 /* Info.plist */,
				A13DF07B201B82380042A3D6 /* main.m */,
			);
			path = "push-notifications-objc";
			sourceTree = "<group>";
		};
		A13DF087201B82CB0042A3D6 /* Frameworks */ = {
			isa = PBXGroup;
			children = (
				A13DF089201B82CB0042A3D6 /* PushNotifications.framework */,
			);
			name = Frameworks;
			sourceTree = "<group>";
		};
/* End PBXGroup section */

/* Begin PBXNativeTarget section */
		A13DF068201B82380042A3D6 /* push-notifications-objc */ = {
			isa = PBXNativeTarget;
			buildConfigurationList = A13DF07F201B82380042A3D6 /* Build configuration list for PBXNativeTarget "push-notifications-objc" */;
			buildPhases = (
				A13DF065201B82380042A3D6 /* Sources */,
				A13DF066201B82380042A3D6 /* Frameworks */,
				A13DF067201B82380042A3D6 /* Resources */,
				A13DF086201B82C40042A3D6 /* Embed Frameworks */,
			);
			buildRules = (
			);
			dependencies = (
			);
			name = "push-notifications-objc";
			productName = "push-notifications-objc";
			productReference = A13DF069201B82380042A3D6 /* push-notifications-objc.app */;
			productType = "com.apple.product-type.application";
		};
/* End PBXNativeTarget section */

/* Begin PBXProject section */
		A13DF061201B82380042A3D6 /* Project object */ = {
			isa = PBXProject;
			attributes = {
				LastUpgradeCheck = 0930;
				ORGANIZATIONNAME = Pusher;
				TargetAttributes = {
					A13DF068201B82380042A3D6 = {
						CreatedOnToolsVersion = 9.2;
						ProvisioningStyle = Automatic;
						SystemCapabilities = {
							com.apple.BackgroundModes = {
								enabled = 1;
							};
							com.apple.Push = {
								enabled = 1;
							};
						};
					};
				};
			};
			buildConfigurationList = A13DF064201B82380042A3D6 /* Build configuration list for PBXProject "push-notifications-objc" */;
			compatibilityVersion = "Xcode 8.0";
			developmentRegion = en;
			hasScannedForEncodings = 0;
			knownRegions = (
				en,
				Base,
			);
			mainGroup = A13DF060201B82380042A3D6;
			productRefGroup = A13DF06A201B82380042A3D6 /* Products */;
			projectDirPath = "";
			projectRoot = "";
			targets = (
				A13DF068201B82380042A3D6 /* push-notifications-objc */,
			);
		};
/* End PBXProject section */

/* Begin PBXResourcesBuildPhase section */
		A13DF067201B82380042A3D6 /* Resources */ = {
			isa = PBXResourcesBuildPhase;
			buildActionMask = 2147483647;
			files = (
				A13DF079201B82380042A3D6 /* LaunchScreen.storyboard in Resources */,
				A13DF076201B82380042A3D6 /* Assets.xcassets in Resources */,
				A13DF074201B82380042A3D6 /* Main.storyboard in Resources */,
			);
			runOnlyForDeploymentPostprocessing = 0;
		};
/* End PBXResourcesBuildPhase section */

/* Begin PBXSourcesBuildPhase section */
		A13DF065201B82380042A3D6 /* Sources */ = {
			isa = PBXSourcesBuildPhase;
			buildActionMask = 2147483647;
			files = (
				A13DF071201B82380042A3D6 /* ViewController.m in Sources */,
				A13DF07C201B82380042A3D6 /* main.m in Sources */,
				A13DF06E201B82380042A3D6 /* AppDelegate.m in Sources */,
			);
			runOnlyForDeploymentPostprocessing = 0;
		};
/* End PBXSourcesBuildPhase section */

/* Begin PBXVariantGroup section */
		A13DF072201B82380042A3D6 /* Main.storyboard */ = {
			isa = PBXVariantGroup;
			children = (
				A13DF073201B82380042A3D6 /* Base */,
			);
			name = Main.storyboard;
			sourceTree = "<group>";
		};
		A13DF077201B82380042A3D6 /* LaunchScreen.storyboard */ = {
			isa = PBXVariantGroup;
			children = (
				A13DF078201B82380042A3D6 /* Base */,
			);
			name = LaunchScreen.storyboard;
			sourceTree = "<group>";
		};
/* End PBXVariantGroup section */

/* Begin XCBuildConfiguration section */
		A13DF07D201B82380042A3D6 /* Debug */ = {
			isa = XCBuildConfiguration;
			buildSettings = {
				ALWAYS_SEARCH_USER_PATHS = NO;
				CLANG_ANALYZER_NONNULL = YES;
				CLANG_ANALYZER_NUMBER_OBJECT_CONVERSION = YES_AGGRESSIVE;
				CLANG_CXX_LANGUAGE_STANDARD = "gnu++14";
				CLANG_CXX_LIBRARY = "libc++";
				CLANG_ENABLE_MODULES = YES;
				CLANG_ENABLE_OBJC_ARC = YES;
				CLANG_WARN_BLOCK_CAPTURE_AUTORELEASING = YES;
				CLANG_WARN_BOOL_CONVERSION = YES;
				CLANG_WARN_COMMA = YES;
				CLANG_WARN_CONSTANT_CONVERSION = YES;
				CLANG_WARN_DEPRECATED_OBJC_IMPLEMENTATIONS = YES;
				CLANG_WARN_DIRECT_OBJC_ISA_USAGE = YES_ERROR;
				CLANG_WARN_DOCUMENTATION_COMMENTS = YES;
				CLANG_WARN_EMPTY_BODY = YES;
				CLANG_WARN_ENUM_CONVERSION = YES;
				CLANG_WARN_INFINITE_RECURSION = YES;
				CLANG_WARN_INT_CONVERSION = YES;
				CLANG_WARN_NON_LITERAL_NULL_CONVERSION = YES;
				CLANG_WARN_OBJC_IMPLICIT_RETAIN_SELF = YES;
				CLANG_WARN_OBJC_LITERAL_CONVERSION = YES;
				CLANG_WARN_OBJC_ROOT_CLASS = YES_ERROR;
				CLANG_WARN_RANGE_LOOP_ANALYSIS = YES;
				CLANG_WARN_STRICT_PROTOTYPES = YES;
				CLANG_WARN_SUSPICIOUS_MOVE = YES;
				CLANG_WARN_UNGUARDED_AVAILABILITY = YES_AGGRESSIVE;
				CLANG_WARN_UNREACHABLE_CODE = YES;
				CLANG_WARN__DUPLICATE_METHOD_MATCH = YES;
				CODE_SIGN_IDENTITY = "iPhone Developer";
				COPY_PHASE_STRIP = NO;
				DEBUG_INFORMATION_FORMAT = dwarf;
				ENABLE_STRICT_OBJC_MSGSEND = YES;
				ENABLE_TESTABILITY = YES;
				GCC_C_LANGUAGE_STANDARD = gnu11;
				GCC_DYNAMIC_NO_PIC = NO;
				GCC_NO_COMMON_BLOCKS = YES;
				GCC_OPTIMIZATION_LEVEL = 0;
				GCC_PREPROCESSOR_DEFINITIONS = (
					"DEBUG=1",
					"$(inherited)",
				);
				GCC_WARN_64_TO_32_BIT_CONVERSION = YES;
				GCC_WARN_ABOUT_RETURN_TYPE = YES_ERROR;
				GCC_WARN_UNDECLARED_SELECTOR = YES;
				GCC_WARN_UNINITIALIZED_AUTOS = YES_AGGRESSIVE;
				GCC_WARN_UNUSED_FUNCTION = YES;
				GCC_WARN_UNUSED_VARIABLE = YES;
				IPHONEOS_DEPLOYMENT_TARGET = 11.2;
				MTL_ENABLE_DEBUG_INFO = YES;
				ONLY_ACTIVE_ARCH = YES;
				SDKROOT = iphoneos;
			};
			name = Debug;
		};
		A13DF07E201B82380042A3D6 /* Release */ = {
			isa = XCBuildConfiguration;
			buildSettings = {
				ALWAYS_SEARCH_USER_PATHS = NO;
				CLANG_ANALYZER_NONNULL = YES;
				CLANG_ANALYZER_NUMBER_OBJECT_CONVERSION = YES_AGGRESSIVE;
				CLANG_CXX_LANGUAGE_STANDARD = "gnu++14";
				CLANG_CXX_LIBRARY = "libc++";
				CLANG_ENABLE_MODULES = YES;
				CLANG_ENABLE_OBJC_ARC = YES;
				CLANG_WARN_BLOCK_CAPTURE_AUTORELEASING = YES;
				CLANG_WARN_BOOL_CONVERSION = YES;
				CLANG_WARN_COMMA = YES;
				CLANG_WARN_CONSTANT_CONVERSION = YES;
				CLANG_WARN_DEPRECATED_OBJC_IMPLEMENTATIONS = YES;
				CLANG_WARN_DIRECT_OBJC_ISA_USAGE = YES_ERROR;
				CLANG_WARN_DOCUMENTATION_COMMENTS = YES;
				CLANG_WARN_EMPTY_BODY = YES;
				CLANG_WARN_ENUM_CONVERSION = YES;
				CLANG_WARN_INFINITE_RECURSION = YES;
				CLANG_WARN_INT_CONVERSION = YES;
				CLANG_WARN_NON_LITERAL_NULL_CONVERSION = YES;
				CLANG_WARN_OBJC_IMPLICIT_RETAIN_SELF = YES;
				CLANG_WARN_OBJC_LITERAL_CONVERSION = YES;
				CLANG_WARN_OBJC_ROOT_CLASS = YES_ERROR;
				CLANG_WARN_RANGE_LOOP_ANALYSIS = YES;
				CLANG_WARN_STRICT_PROTOTYPES = YES;
				CLANG_WARN_SUSPICIOUS_MOVE = YES;
				CLANG_WARN_UNGUARDED_AVAILABILITY = YES_AGGRESSIVE;
				CLANG_WARN_UNREACHABLE_CODE = YES;
				CLANG_WARN__DUPLICATE_METHOD_MATCH = YES;
				CODE_SIGN_IDENTITY = "iPhone Developer";
				COPY_PHASE_STRIP = NO;
				DEBUG_INFORMATION_FORMAT = "dwarf-with-dsym";
				ENABLE_NS_ASSERTIONS = NO;
				ENABLE_STRICT_OBJC_MSGSEND = YES;
				GCC_C_LANGUAGE_STANDARD = gnu11;
				GCC_NO_COMMON_BLOCKS = YES;
				GCC_WARN_64_TO_32_BIT_CONVERSION = YES;
				GCC_WARN_ABOUT_RETURN_TYPE = YES_ERROR;
				GCC_WARN_UNDECLARED_SELECTOR = YES;
				GCC_WARN_UNINITIALIZED_AUTOS = YES_AGGRESSIVE;
				GCC_WARN_UNUSED_FUNCTION = YES;
				GCC_WARN_UNUSED_VARIABLE = YES;
				IPHONEOS_DEPLOYMENT_TARGET = 11.2;
				MTL_ENABLE_DEBUG_INFO = NO;
				SDKROOT = iphoneos;
				VALIDATE_PRODUCT = YES;
			};
			name = Release;
		};
		A13DF080201B82380042A3D6 /* Debug */ = {
			isa = XCBuildConfiguration;
			buildSettings = {
				ALWAYS_EMBED_SWIFT_STANDARD_LIBRARIES = YES;
				ASSETCATALOG_COMPILER_APPICON_NAME = AppIcon;
				CODE_SIGN_ENTITLEMENTS = "push-notifications-objc/push-notifications-objc.entitlements";
				CODE_SIGN_STYLE = Automatic;
				DEVELOPMENT_TEAM = H7FL434D9W;
				INFOPLIST_FILE = "push-notifications-objc/Info.plist";
				IPHONEOS_DEPLOYMENT_TARGET = 10.0;
				LD_RUNPATH_SEARCH_PATHS = "$(inherited) @executable_path/Frameworks";
				PRODUCT_BUNDLE_IDENTIFIER = "com.pusher.push-notifications-objc";
				PRODUCT_NAME = "$(TARGET_NAME)";
				TARGETED_DEVICE_FAMILY = "1,2";
			};
			name = Debug;
		};
		A13DF081201B82380042A3D6 /* Release */ = {
			isa = XCBuildConfiguration;
			buildSettings = {
				ALWAYS_EMBED_SWIFT_STANDARD_LIBRARIES = YES;
				ASSETCATALOG_COMPILER_APPICON_NAME = AppIcon;
				CODE_SIGN_ENTITLEMENTS = "push-notifications-objc/push-notifications-objc.entitlements";
				CODE_SIGN_STYLE = Automatic;
				DEVELOPMENT_TEAM = H7FL434D9W;
				INFOPLIST_FILE = "push-notifications-objc/Info.plist";
				IPHONEOS_DEPLOYMENT_TARGET = 10.0;
				LD_RUNPATH_SEARCH_PATHS = "$(inherited) @executable_path/Frameworks";
				PRODUCT_BUNDLE_IDENTIFIER = "com.pusher.push-notifications-objc";
				PRODUCT_NAME = "$(TARGET_NAME)";
				TARGETED_DEVICE_FAMILY = "1,2";
			};
			name = Release;
		};
/* End XCBuildConfiguration section */

/* Begin XCConfigurationList section */
		A13DF064201B82380042A3D6 /* Build configuration list for PBXProject "push-notifications-objc" */ = {
			isa = XCConfigurationList;
			buildConfigurations = (
				A13DF07D201B82380042A3D6 /* Debug */,
				A13DF07E201B82380042A3D6 /* Release */,
			);
			defaultConfigurationIsVisible = 0;
			defaultConfigurationName = Release;
		};
		A13DF07F201B82380042A3D6 /* Build configuration list for PBXNativeTarget "push-notifications-objc" */ = {
			isa = XCConfigurationList;
			buildConfigurations = (
				A13DF080201B82380042A3D6 /* Debug */,
				A13DF081201B82380042A3D6 /* Release */,
			);
			defaultConfigurationIsVisible = 0;
			defaultConfigurationName = Release;
		};
/* End XCConfigurationList section */
	};
	rootObject = A13DF061201B82380042A3D6 /* Project object */;
}
