// !$*UTF8*$!
{
	archiveVersion = 1;
	classes = {
	};
	objectVersion = 48;
	objects = {

/* Begin PBXBuildFile section */
		A104B3A120F75C9000587100 /* Array+CalculateMD5Hash.swift in Sources */ = {isa = PBXBuildFile; fileRef = A104B3A020F75C9000587100 /* Array+CalculateMD5Hash.swift */; };
		A10552ED2028A934001E45D1 /* Metadata.swift in Sources */ = {isa = PBXBuildFile; fileRef = A10552EC2028A934001E45D1 /* Metadata.swift */; };
		A10552EF2028C017001E45D1 /* PropertyListReadable.swift in Sources */ = {isa = PBXBuildFile; fileRef = A10552EE2028C017001E45D1 /* PropertyListReadable.swift */; };
		A1067109201F69B8001190F8 /* FeatureFlags.swift in Sources */ = {isa = PBXBuildFile; fileRef = A1067108201F69B8001190F8 /* FeatureFlags.swift */; };
		A108811A20334D860091E8EB /* PusherAlreadyRegisteredError.swift in Sources */ = {isa = PBXBuildFile; fileRef = A108811820334D860091E8EB /* PusherAlreadyRegisteredError.swift */; };
		A108811B20334D860091E8EB /* Instance.swift in Sources */ = {isa = PBXBuildFile; fileRef = A108811920334D860091E8EB /* Instance.swift */; };
		A108B0CF2237FBF8007FCB2D /* DeviceStateStore.swift in Sources */ = {isa = PBXBuildFile; fileRef = A108B0CE2237FBF8007FCB2D /* DeviceStateStore.swift */; };
		A108B0E82237FD51007FCB2D /* AuthDataTests.swift in Sources */ = {isa = PBXBuildFile; fileRef = A108B0D02237FD50007FCB2D /* AuthDataTests.swift */; };
		A108B0EA2237FD51007FCB2D /* ServerSyncProcessHandlerTests.swift in Sources */ = {isa = PBXBuildFile; fileRef = A108B0D32237FD50007FCB2D /* ServerSyncProcessHandlerTests.swift */; };
		A108B0EB2237FD51007FCB2D /* FeatureFlagsTests.swift in Sources */ = {isa = PBXBuildFile; fileRef = A108B0D42237FD50007FCB2D /* FeatureFlagsTests.swift */; };
		A108B0EC2237FD51007FCB2D /* EventTypeHandlerTests.swift in Sources */ = {isa = PBXBuildFile; fileRef = A108B0D52237FD50007FCB2D /* EventTypeHandlerTests.swift */; };
		A108B0ED2237FD51007FCB2D /* ReasonTests.swift in Sources */ = {isa = PBXBuildFile; fileRef = A108B0D62237FD50007FCB2D /* ReasonTests.swift */; };
		A108B0F02237FD51007FCB2D /* BeamsTokenProviderTests.swift in Sources */ = {isa = PBXBuildFile; fileRef = A108B0D92237FD50007FCB2D /* BeamsTokenProviderTests.swift */; };
		A108B0F12237FD51007FCB2D /* RegisterTests.swift in Sources */ = {isa = PBXBuildFile; fileRef = A108B0DA2237FD50007FCB2D /* RegisterTests.swift */; };
		A108B0F32237FD51007FCB2D /* ConstantsTests.swift in Sources */ = {isa = PBXBuildFile; fileRef = A108B0DC2237FD50007FCB2D /* ConstantsTests.swift */; };
		A108B0F42237FD51007FCB2D /* ArrayContainsSameElementsTests.swift in Sources */ = {isa = PBXBuildFile; fileRef = A108B0DD2237FD50007FCB2D /* ArrayContainsSameElementsTests.swift */; };
		A108B0F62237FD51007FCB2D /* SDKTests.swift in Sources */ = {isa = PBXBuildFile; fileRef = A108B0DF2237FD50007FCB2D /* SDKTests.swift */; };
		A108B0F72237FD51007FCB2D /* SystemVersionTests.swift in Sources */ = {isa = PBXBuildFile; fileRef = A108B0E02237FD50007FCB2D /* SystemVersionTests.swift */; };
		A108B0F82237FD51007FCB2D /* InterestsMD5HashTests.swift in Sources */ = {isa = PBXBuildFile; fileRef = A108B0E12237FD50007FCB2D /* InterestsMD5HashTests.swift */; };
		A108B0F92237FD51007FCB2D /* DeviceTokenHelperTests.swift in Sources */ = {isa = PBXBuildFile; fileRef = A108B0E22237FD50007FCB2D /* DeviceTokenHelperTests.swift */; };
		A108B0FB2237FD51007FCB2D /* PublishIdTests.swift in Sources */ = {isa = PBXBuildFile; fileRef = A108B0E42237FD50007FCB2D /* PublishIdTests.swift */; };
		A108B0FE2237FD51007FCB2D /* InterestsTests.swift in Sources */ = {isa = PBXBuildFile; fileRef = A108B0E72237FD51007FCB2D /* InterestsTests.swift */; };
		A108B1042237FE4D007FCB2D /* InstanceTests.swift in Sources */ = {isa = PBXBuildFile; fileRef = A108B1002237FE4C007FCB2D /* InstanceTests.swift */; };
		A108B1052237FE4D007FCB2D /* DeviceTests.swift in Sources */ = {isa = PBXBuildFile; fileRef = A108B1012237FE4C007FCB2D /* DeviceTests.swift */; };
		A108B1062237FE4D007FCB2D /* InterestPersistableTests.swift in Sources */ = {isa = PBXBuildFile; fileRef = A108B1022237FE4C007FCB2D /* InterestPersistableTests.swift */; };
		A108B1072237FE4D007FCB2D /* UserPersistableTests.swift in Sources */ = {isa = PBXBuildFile; fileRef = A108B1032237FE4C007FCB2D /* UserPersistableTests.swift */; };
		A1327BDF2178EB62001483E1 /* BeamsTokenProvider.swift in Sources */ = {isa = PBXBuildFile; fileRef = A1327BDC2178EB61001483E1 /* BeamsTokenProvider.swift */; };
		A1327BE02178EB62001483E1 /* AuthData.swift in Sources */ = {isa = PBXBuildFile; fileRef = A1327BDD2178EB62001483E1 /* AuthData.swift */; };
		A1327BE12178EB62001483E1 /* TokenProvider.swift in Sources */ = {isa = PBXBuildFile; fileRef = A1327BDE2178EB62001483E1 /* TokenProvider.swift */; };
		A138645B212C5057009FE29D /* Constants.swift in Sources */ = {isa = PBXBuildFile; fileRef = A138645A212C5057009FE29D /* Constants.swift */; };
		A140FFD12020BE5700931AF6 /* Encodable+Encode.swift in Sources */ = {isa = PBXBuildFile; fileRef = A140FFD02020BE5700931AF6 /* Encodable+Encode.swift */; };
		A140FFD32020BECF00931AF6 /* Interests.swift in Sources */ = {isa = PBXBuildFile; fileRef = A140FFD22020BECF00931AF6 /* Interests.swift */; };
		A140FFD72020C5E600931AF6 /* SDK.swift in Sources */ = {isa = PBXBuildFile; fileRef = A140FFD62020C5E600931AF6 /* SDK.swift */; };
		A1424C1E225E061200BCE570 /* ReportEventTypeTests.swift in Sources */ = {isa = PBXBuildFile; fileRef = A1424C1D225E061200BCE570 /* ReportEventTypeTests.swift */; };
		A1424C22225E20EA00BCE570 /* ApplicationStartTests.swift in Sources */ = {isa = PBXBuildFile; fileRef = A1424C21225E20EA00BCE570 /* ApplicationStartTests.swift */; };
		A144AB4C1F9E3DA3009F0040 /* DeviceTokenHelper.swift in Sources */ = {isa = PBXBuildFile; fileRef = A144AB441F9E3DA2009F0040 /* DeviceTokenHelper.swift */; };
		A144AB4F1F9E3DA3009F0040 /* Device.swift in Sources */ = {isa = PBXBuildFile; fileRef = A144AB471F9E3DA2009F0040 /* Device.swift */; };
		A144AB501F9E3DA3009F0040 /* PushNotifications.swift in Sources */ = {isa = PBXBuildFile; fileRef = A144AB481F9E3DA2009F0040 /* PushNotifications.swift */; };
		A144AB511F9E3DA3009F0040 /* HTTPMethod.swift in Sources */ = {isa = PBXBuildFile; fileRef = A144AB491F9E3DA3009F0040 /* HTTPMethod.swift */; };
		A1482A542180A47900F19A4E /* UserPersistable.swift in Sources */ = {isa = PBXBuildFile; fileRef = A1482A532180A47900F19A4E /* UserPersistable.swift */; };
		A1482A582181F3CD00F19A4E /* Result.swift in Sources */ = {isa = PBXBuildFile; fileRef = A1482A572181F3CD00F19A4E /* Result.swift */; };
		A1504E17206B9D98002D1E74 /* EventTypeHandler.swift in Sources */ = {isa = PBXBuildFile; fileRef = A1504E16206B9D98002D1E74 /* EventTypeHandler.swift */; };
		A155BFBD1F9E38040070A609 /* PushNotifications.framework in Frameworks */ = {isa = PBXBuildFile; fileRef = A155BFB31F9E38040070A609 /* PushNotifications.framework */; };
		A155BFC41F9E38040070A609 /* PushNotifications.h in Headers */ = {isa = PBXBuildFile; fileRef = A155BFB61F9E38040070A609 /* PushNotifications.h */; settings = {ATTRIBUTES = (Public, ); }; };
		A16782551FA0EA2D00A193DF /* Reason.swift in Sources */ = {isa = PBXBuildFile; fileRef = A16782541FA0EA2C00A193DF /* Reason.swift */; };
		A182088D2014C6F4007D86C6 /* Array+ContainsSameElements.swift in Sources */ = {isa = PBXBuildFile; fileRef = A182088C2014C6F4007D86C6 /* Array+ContainsSameElements.swift */; };
		A19B15D32189E4FC008E6DB5 /* Token.swift in Sources */ = {isa = PBXBuildFile; fileRef = A19B15D22189E4FC008E6DB5 /* Token.swift */; };
		A19ECF831FCF099200688DAF /* InterestPersistable.swift in Sources */ = {isa = PBXBuildFile; fileRef = A19ECF811FCF099100688DAF /* InterestPersistable.swift */; };
		A19ECF841FCF099200688DAF /* PersistenceService.swift in Sources */ = {isa = PBXBuildFile; fileRef = A19ECF821FCF099100688DAF /* PersistenceService.swift */; };
		A1AC401520FDFF1E002E6128 /* MD5.swift in Sources */ = {isa = PBXBuildFile; fileRef = A1AC401420FDFF1E002E6128 /* MD5.swift */; };
		A1B344432018BC0200481BDF /* InterestValidationError.swift in Sources */ = {isa = PBXBuildFile; fileRef = A1B344412018BC0100481BDF /* InterestValidationError.swift */; };
		A1B344442018BC0200481BDF /* MultipleInvalidInterestsError.swift in Sources */ = {isa = PBXBuildFile; fileRef = A1B344422018BC0200481BDF /* MultipleInvalidInterestsError.swift */; };
		A1C41F7B2253B4BC00497D87 /* DeviceRegistrationTests.swift in Sources */ = {isa = PBXBuildFile; fileRef = A1C41F7A2253B4BC00497D87 /* DeviceRegistrationTests.swift */; };
		A1D2AC342254E83900AF4871 /* DeviceInterestsTest.swift in Sources */ = {isa = PBXBuildFile; fileRef = A1D2AC332254E83900AF4871 /* DeviceInterestsTest.swift */; };
		A1D2AC362254EF0900AF4871 /* TestAPIClientHelper.swift in Sources */ = {isa = PBXBuildFile; fileRef = A1D2AC352254EF0900AF4871 /* TestAPIClientHelper.swift */; };
		A1D2AC3A225602B800AF4871 /* StopTests.swift in Sources */ = {isa = PBXBuildFile; fileRef = A1D2AC39225602B800AF4871 /* StopTests.swift */; };
		A1D2AC3C22560A4300AF4871 /* ClearAllStateTest.swift in Sources */ = {isa = PBXBuildFile; fileRef = A1D2AC3B22560A4300AF4871 /* ClearAllStateTest.swift */; };
		A1D2AC3D22560D3E00AF4871 /* String+HexStringToData.swift in Sources */ = {isa = PBXBuildFile; fileRef = A1D2AC372254F7EE00AF4871 /* String+HexStringToData.swift */; };
		A1D2AC3F225653A600AF4871 /* SetUserIdTest.swift in Sources */ = {isa = PBXBuildFile; fileRef = A1D2AC3E225653A600AF4871 /* SetUserIdTest.swift */; };
		A1D2AC4122565FE400AF4871 /* PushNotificationsInstancePersistable.swift in Sources */ = {isa = PBXBuildFile; fileRef = A1D2AC4022565FE400AF4871 /* PushNotificationsInstancePersistable.swift */; };
		A1DAD62E2020CAE7001497B5 /* SystemVersion.swift in Sources */ = {isa = PBXBuildFile; fileRef = A1DAD62D2020CAE7001497B5 /* SystemVersion.swift */; };
		A1E78E312020AEF400DD94B2 /* Register.swift in Sources */ = {isa = PBXBuildFile; fileRef = A1E78E302020AEF400DD94B2 /* Register.swift */; };
		A1E8000A201A213000467EB9 /* ReportEventType.swift in Sources */ = {isa = PBXBuildFile; fileRef = A1E80009201A213000467EB9 /* ReportEventType.swift */; };
		A1E80015201A3DAC00467EB9 /* PublishId.swift in Sources */ = {isa = PBXBuildFile; fileRef = A1E80013201A3DAC00467EB9 /* PublishId.swift */; };
		A1EB82FB225B7FA600D63F7C /* ServerSyncEvent.swift in Sources */ = {isa = PBXBuildFile; fileRef = A1EB82FA225B7FA600D63F7C /* ServerSyncEvent.swift */; };
		A1EFF5C9207B7E78006C3004 /* RemoteNotificationType.swift in Sources */ = {isa = PBXBuildFile; fileRef = A1EFF5C8207B7E78006C3004 /* RemoteNotificationType.swift */; };
		A1F0E942219B18B800D32363 /* PushNotificationsError.swift in Sources */ = {isa = PBXBuildFile; fileRef = A1F0E941219B18B800D32363 /* PushNotificationsError.swift */; };
		A1F122DF2237C7B200F7D766 /* ServerSyncProcessHandler.swift in Sources */ = {isa = PBXBuildFile; fileRef = A1F122DE2237C7B200F7D766 /* ServerSyncProcessHandler.swift */; };
		A1F122E32237C90600F7D766 /* PushNotificationsNetworkable.swift in Sources */ = {isa = PBXBuildFile; fileRef = A1F122E12237C90500F7D766 /* PushNotificationsNetworkable.swift */; };
		A1F122E42237C90600F7D766 /* NetworkService.swift in Sources */ = {isa = PBXBuildFile; fileRef = A1F122E22237C90500F7D766 /* NetworkService.swift */; };
		A1F122E62237C94600F7D766 /* RetryStrategy.swift in Sources */ = {isa = PBXBuildFile; fileRef = A1F122E52237C94600F7D766 /* RetryStrategy.swift */; };
		A1F122E82237C9D400F7D766 /* PushNotificationsAPIError.swift in Sources */ = {isa = PBXBuildFile; fileRef = A1F122E72237C9D400F7D766 /* PushNotificationsAPIError.swift */; };
/* End PBXBuildFile section */

/* Begin PBXContainerItemProxy section */
		A155BFBE1F9E38040070A609 /* PBXContainerItemProxy */ = {
			isa = PBXContainerItemProxy;
			containerPortal = A155BFAA1F9E38040070A609 /* Project object */;
			proxyType = 1;
			remoteGlobalIDString = A155BFB21F9E38040070A609;
			remoteInfo = PushNotifications;
		};
/* End PBXContainerItemProxy section */

/* Begin PBXFileReference section */
		A104B3A020F75C9000587100 /* Array+CalculateMD5Hash.swift */ = {isa = PBXFileReference; lastKnownFileType = sourcecode.swift; name = "Array+CalculateMD5Hash.swift"; path = "../../Sources/Array+CalculateMD5Hash.swift"; sourceTree = "<group>"; };
		A10552EC2028A934001E45D1 /* Metadata.swift */ = {isa = PBXFileReference; lastKnownFileType = sourcecode.swift; path = Metadata.swift; sourceTree = "<group>"; };
		A10552EE2028C017001E45D1 /* PropertyListReadable.swift */ = {isa = PBXFileReference; lastKnownFileType = sourcecode.swift; name = PropertyListReadable.swift; path = ../../Sources/PropertyListReadable.swift; sourceTree = "<group>"; };
		A1067108201F69B8001190F8 /* FeatureFlags.swift */ = {isa = PBXFileReference; lastKnownFileType = sourcecode.swift; name = FeatureFlags.swift; path = ../../Sources/FeatureFlags.swift; sourceTree = "<group>"; };
		A108811820334D860091E8EB /* PusherAlreadyRegisteredError.swift */ = {isa = PBXFileReference; fileEncoding = 4; lastKnownFileType = sourcecode.swift; name = PusherAlreadyRegisteredError.swift; path = ../../Sources/PusherAlreadyRegisteredError.swift; sourceTree = "<group>"; };
		A108811920334D860091E8EB /* Instance.swift */ = {isa = PBXFileReference; fileEncoding = 4; lastKnownFileType = sourcecode.swift; path = Instance.swift; sourceTree = "<group>"; };
		A108B0CE2237FBF8007FCB2D /* DeviceStateStore.swift */ = {isa = PBXFileReference; fileEncoding = 4; lastKnownFileType = sourcecode.swift; path = DeviceStateStore.swift; sourceTree = "<group>"; };
		A108B0D02237FD50007FCB2D /* AuthDataTests.swift */ = {isa = PBXFileReference; fileEncoding = 4; lastKnownFileType = sourcecode.swift; name = AuthDataTests.swift; path = ../../Tests/AuthDataTests.swift; sourceTree = "<group>"; };
		A108B0D32237FD50007FCB2D /* ServerSyncProcessHandlerTests.swift */ = {isa = PBXFileReference; fileEncoding = 4; lastKnownFileType = sourcecode.swift; path = ServerSyncProcessHandlerTests.swift; sourceTree = "<group>"; };
		A108B0D42237FD50007FCB2D /* FeatureFlagsTests.swift */ = {isa = PBXFileReference; fileEncoding = 4; lastKnownFileType = sourcecode.swift; name = FeatureFlagsTests.swift; path = ../../Tests/FeatureFlagsTests.swift; sourceTree = "<group>"; };
		A108B0D52237FD50007FCB2D /* EventTypeHandlerTests.swift */ = {isa = PBXFileReference; fileEncoding = 4; lastKnownFileType = sourcecode.swift; name = EventTypeHandlerTests.swift; path = ../../Tests/EventTypeHandlerTests.swift; sourceTree = "<group>"; };
		A108B0D62237FD50007FCB2D /* ReasonTests.swift */ = {isa = PBXFileReference; fileEncoding = 4; lastKnownFileType = sourcecode.swift; name = ReasonTests.swift; path = ../../Tests/ReasonTests.swift; sourceTree = "<group>"; };
		A108B0D92237FD50007FCB2D /* BeamsTokenProviderTests.swift */ = {isa = PBXFileReference; fileEncoding = 4; lastKnownFileType = sourcecode.swift; name = BeamsTokenProviderTests.swift; path = ../../Tests/BeamsTokenProviderTests.swift; sourceTree = "<group>"; };
		A108B0DA2237FD50007FCB2D /* RegisterTests.swift */ = {isa = PBXFileReference; fileEncoding = 4; lastKnownFileType = sourcecode.swift; name = RegisterTests.swift; path = ../../Tests/RegisterTests.swift; sourceTree = "<group>"; };
		A108B0DC2237FD50007FCB2D /* ConstantsTests.swift */ = {isa = PBXFileReference; fileEncoding = 4; lastKnownFileType = sourcecode.swift; name = ConstantsTests.swift; path = ../../Tests/ConstantsTests.swift; sourceTree = "<group>"; };
		A108B0DD2237FD50007FCB2D /* ArrayContainsSameElementsTests.swift */ = {isa = PBXFileReference; fileEncoding = 4; lastKnownFileType = sourcecode.swift; name = ArrayContainsSameElementsTests.swift; path = ../../Tests/ArrayContainsSameElementsTests.swift; sourceTree = "<group>"; };
		A108B0DF2237FD50007FCB2D /* SDKTests.swift */ = {isa = PBXFileReference; fileEncoding = 4; lastKnownFileType = sourcecode.swift; name = SDKTests.swift; path = ../../Tests/SDKTests.swift; sourceTree = "<group>"; };
		A108B0E02237FD50007FCB2D /* SystemVersionTests.swift */ = {isa = PBXFileReference; fileEncoding = 4; lastKnownFileType = sourcecode.swift; name = SystemVersionTests.swift; path = ../../Tests/SystemVersionTests.swift; sourceTree = "<group>"; };
		A108B0E12237FD50007FCB2D /* InterestsMD5HashTests.swift */ = {isa = PBXFileReference; fileEncoding = 4; lastKnownFileType = sourcecode.swift; name = InterestsMD5HashTests.swift; path = ../../Tests/InterestsMD5HashTests.swift; sourceTree = "<group>"; };
		A108B0E22237FD50007FCB2D /* DeviceTokenHelperTests.swift */ = {isa = PBXFileReference; fileEncoding = 4; lastKnownFileType = sourcecode.swift; name = DeviceTokenHelperTests.swift; path = ../../Tests/DeviceTokenHelperTests.swift; sourceTree = "<group>"; };
		A108B0E42237FD50007FCB2D /* PublishIdTests.swift */ = {isa = PBXFileReference; fileEncoding = 4; lastKnownFileType = sourcecode.swift; name = PublishIdTests.swift; path = ../../Tests/PublishIdTests.swift; sourceTree = "<group>"; };
		A108B0E72237FD51007FCB2D /* InterestsTests.swift */ = {isa = PBXFileReference; fileEncoding = 4; lastKnownFileType = sourcecode.swift; name = InterestsTests.swift; path = ../../Tests/InterestsTests.swift; sourceTree = "<group>"; };
		A108B1002237FE4C007FCB2D /* InstanceTests.swift */ = {isa = PBXFileReference; fileEncoding = 4; lastKnownFileType = sourcecode.swift; path = InstanceTests.swift; sourceTree = "<group>"; };
		A108B1012237FE4C007FCB2D /* DeviceTests.swift */ = {isa = PBXFileReference; fileEncoding = 4; lastKnownFileType = sourcecode.swift; path = DeviceTests.swift; sourceTree = "<group>"; };
		A108B1022237FE4C007FCB2D /* InterestPersistableTests.swift */ = {isa = PBXFileReference; fileEncoding = 4; lastKnownFileType = sourcecode.swift; path = InterestPersistableTests.swift; sourceTree = "<group>"; };
		A108B1032237FE4C007FCB2D /* UserPersistableTests.swift */ = {isa = PBXFileReference; fileEncoding = 4; lastKnownFileType = sourcecode.swift; path = UserPersistableTests.swift; sourceTree = "<group>"; };
		A1197BD6206266D200FD7335 /* OHHTTPStubs.framework */ = {isa = PBXFileReference; lastKnownFileType = wrapper.framework; name = OHHTTPStubs.framework; path = ../Carthage/Build/iOS/OHHTTPStubs.framework; sourceTree = "<group>"; };
		A1327BDC2178EB61001483E1 /* BeamsTokenProvider.swift */ = {isa = PBXFileReference; fileEncoding = 4; lastKnownFileType = sourcecode.swift; name = BeamsTokenProvider.swift; path = ../../Sources/BeamsTokenProvider.swift; sourceTree = "<group>"; };
		A1327BDD2178EB62001483E1 /* AuthData.swift */ = {isa = PBXFileReference; fileEncoding = 4; lastKnownFileType = sourcecode.swift; name = AuthData.swift; path = ../../Sources/AuthData.swift; sourceTree = "<group>"; };
		A1327BDE2178EB62001483E1 /* TokenProvider.swift */ = {isa = PBXFileReference; fileEncoding = 4; lastKnownFileType = sourcecode.swift; name = TokenProvider.swift; path = ../../Sources/TokenProvider.swift; sourceTree = "<group>"; };
		A138645A212C5057009FE29D /* Constants.swift */ = {isa = PBXFileReference; lastKnownFileType = sourcecode.swift; name = Constants.swift; path = ../../Sources/Constants.swift; sourceTree = "<group>"; };
		A140FFD02020BE5700931AF6 /* Encodable+Encode.swift */ = {isa = PBXFileReference; lastKnownFileType = sourcecode.swift; name = "Encodable+Encode.swift"; path = "../../Sources/Encodable+Encode.swift"; sourceTree = "<group>"; };
		A140FFD22020BECF00931AF6 /* Interests.swift */ = {isa = PBXFileReference; lastKnownFileType = sourcecode.swift; name = Interests.swift; path = ../../Sources/Interests.swift; sourceTree = "<group>"; };
		A140FFD62020C5E600931AF6 /* SDK.swift */ = {isa = PBXFileReference; lastKnownFileType = sourcecode.swift; name = SDK.swift; path = ../../Sources/SDK.swift; sourceTree = "<group>"; };
		A1424C1D225E061200BCE570 /* ReportEventTypeTests.swift */ = {isa = PBXFileReference; lastKnownFileType = sourcecode.swift; path = ReportEventTypeTests.swift; sourceTree = "<group>"; };
		A1424C21225E20EA00BCE570 /* ApplicationStartTests.swift */ = {isa = PBXFileReference; lastKnownFileType = sourcecode.swift; path = ApplicationStartTests.swift; sourceTree = "<group>"; };
		A144AB441F9E3DA2009F0040 /* DeviceTokenHelper.swift */ = {isa = PBXFileReference; fileEncoding = 4; lastKnownFileType = sourcecode.swift; name = DeviceTokenHelper.swift; path = ../../Sources/DeviceTokenHelper.swift; sourceTree = "<group>"; };
		A144AB471F9E3DA2009F0040 /* Device.swift */ = {isa = PBXFileReference; fileEncoding = 4; lastKnownFileType = sourcecode.swift; path = Device.swift; sourceTree = "<group>"; };
		A144AB481F9E3DA2009F0040 /* PushNotifications.swift */ = {isa = PBXFileReference; fileEncoding = 4; lastKnownFileType = sourcecode.swift; name = PushNotifications.swift; path = ../../Sources/PushNotifications.swift; sourceTree = "<group>"; };
		A144AB491F9E3DA3009F0040 /* HTTPMethod.swift */ = {isa = PBXFileReference; fileEncoding = 4; lastKnownFileType = sourcecode.swift; name = HTTPMethod.swift; path = ../../Sources/HTTPMethod.swift; sourceTree = "<group>"; };
		A1482A532180A47900F19A4E /* UserPersistable.swift */ = {isa = PBXFileReference; lastKnownFileType = sourcecode.swift; path = UserPersistable.swift; sourceTree = "<group>"; };
		A1482A572181F3CD00F19A4E /* Result.swift */ = {isa = PBXFileReference; lastKnownFileType = sourcecode.swift; name = Result.swift; path = ../../Sources/Result.swift; sourceTree = "<group>"; };
		A1504E16206B9D98002D1E74 /* EventTypeHandler.swift */ = {isa = PBXFileReference; fileEncoding = 4; lastKnownFileType = sourcecode.swift; name = EventTypeHandler.swift; path = ../../Sources/EventTypeHandler.swift; sourceTree = "<group>"; };
		A155BFB31F9E38040070A609 /* PushNotifications.framework */ = {isa = PBXFileReference; explicitFileType = wrapper.framework; includeInIndex = 0; path = PushNotifications.framework; sourceTree = BUILT_PRODUCTS_DIR; };
		A155BFB61F9E38040070A609 /* PushNotifications.h */ = {isa = PBXFileReference; lastKnownFileType = sourcecode.c.h; path = PushNotifications.h; sourceTree = "<group>"; };
		A155BFB71F9E38040070A609 /* Info.plist */ = {isa = PBXFileReference; lastKnownFileType = text.plist.xml; path = Info.plist; sourceTree = "<group>"; };
		A155BFBC1F9E38040070A609 /* PushNotificationsTests.xctest */ = {isa = PBXFileReference; explicitFileType = wrapper.cfbundle; includeInIndex = 0; path = PushNotificationsTests.xctest; sourceTree = BUILT_PRODUCTS_DIR; };
		A155BFC31F9E38040070A609 /* Info.plist */ = {isa = PBXFileReference; lastKnownFileType = text.plist.xml; path = Info.plist; sourceTree = "<group>"; };
		A16782541FA0EA2C00A193DF /* Reason.swift */ = {isa = PBXFileReference; fileEncoding = 4; lastKnownFileType = sourcecode.swift; name = Reason.swift; path = ../../Sources/Reason.swift; sourceTree = "<group>"; };
		A182088C2014C6F4007D86C6 /* Array+ContainsSameElements.swift */ = {isa = PBXFileReference; lastKnownFileType = sourcecode.swift; name = "Array+ContainsSameElements.swift"; path = "../../Sources/Array+ContainsSameElements.swift"; sourceTree = "<group>"; };
		A19B15D22189E4FC008E6DB5 /* Token.swift */ = {isa = PBXFileReference; lastKnownFileType = sourcecode.swift; name = Token.swift; path = ../../Sources/Token.swift; sourceTree = "<group>"; };
		A19ECF811FCF099100688DAF /* InterestPersistable.swift */ = {isa = PBXFileReference; fileEncoding = 4; lastKnownFileType = sourcecode.swift; path = InterestPersistable.swift; sourceTree = "<group>"; };
		A19ECF821FCF099100688DAF /* PersistenceService.swift */ = {isa = PBXFileReference; fileEncoding = 4; lastKnownFileType = sourcecode.swift; path = PersistenceService.swift; sourceTree = "<group>"; };
		A1AC401420FDFF1E002E6128 /* MD5.swift */ = {isa = PBXFileReference; fileEncoding = 4; lastKnownFileType = sourcecode.swift; name = MD5.swift; path = ../../Sources/MD5.swift; sourceTree = "<group>"; };
		A1B344412018BC0100481BDF /* InterestValidationError.swift */ = {isa = PBXFileReference; fileEncoding = 4; lastKnownFileType = sourcecode.swift; name = InterestValidationError.swift; path = ../../Sources/InterestValidationError.swift; sourceTree = "<group>"; };
		A1B344422018BC0200481BDF /* MultipleInvalidInterestsError.swift */ = {isa = PBXFileReference; fileEncoding = 4; lastKnownFileType = sourcecode.swift; name = MultipleInvalidInterestsError.swift; path = ../../Sources/MultipleInvalidInterestsError.swift; sourceTree = "<group>"; };
		A1C41F7A2253B4BC00497D87 /* DeviceRegistrationTests.swift */ = {isa = PBXFileReference; lastKnownFileType = sourcecode.swift; path = DeviceRegistrationTests.swift; sourceTree = "<group>"; };
		A1D2AC302254E6FB00AF4871 /* Nimble.framework */ = {isa = PBXFileReference; lastKnownFileType = wrapper.framework; name = Nimble.framework; path = ../Carthage/Build/iOS/Nimble.framework; sourceTree = "<group>"; };
		A1D2AC332254E83900AF4871 /* DeviceInterestsTest.swift */ = {isa = PBXFileReference; lastKnownFileType = sourcecode.swift; path = DeviceInterestsTest.swift; sourceTree = "<group>"; };
		A1D2AC352254EF0900AF4871 /* TestAPIClientHelper.swift */ = {isa = PBXFileReference; lastKnownFileType = sourcecode.swift; path = TestAPIClientHelper.swift; sourceTree = "<group>"; };
		A1D2AC372254F7EE00AF4871 /* String+HexStringToData.swift */ = {isa = PBXFileReference; lastKnownFileType = sourcecode.swift; path = "String+HexStringToData.swift"; sourceTree = "<group>"; };
		A1D2AC39225602B800AF4871 /* StopTests.swift */ = {isa = PBXFileReference; lastKnownFileType = sourcecode.swift; path = StopTests.swift; sourceTree = "<group>"; };
		A1D2AC3B22560A4300AF4871 /* ClearAllStateTest.swift */ = {isa = PBXFileReference; lastKnownFileType = sourcecode.swift; path = ClearAllStateTest.swift; sourceTree = "<group>"; };
		A1D2AC3E225653A600AF4871 /* SetUserIdTest.swift */ = {isa = PBXFileReference; lastKnownFileType = sourcecode.swift; path = SetUserIdTest.swift; sourceTree = "<group>"; };
		A1D2AC4022565FE400AF4871 /* PushNotificationsInstancePersistable.swift */ = {isa = PBXFileReference; lastKnownFileType = sourcecode.swift; name = PushNotificationsInstancePersistable.swift; path = ../../Sources/PushNotificationsInstancePersistable.swift; sourceTree = "<group>"; };
		A1DAD62D2020CAE7001497B5 /* SystemVersion.swift */ = {isa = PBXFileReference; lastKnownFileType = sourcecode.swift; name = SystemVersion.swift; path = ../../Sources/SystemVersion.swift; sourceTree = "<group>"; };
		A1E78E302020AEF400DD94B2 /* Register.swift */ = {isa = PBXFileReference; lastKnownFileType = sourcecode.swift; name = Register.swift; path = ../../Sources/Register.swift; sourceTree = "<group>"; };
		A1E80009201A213000467EB9 /* ReportEventType.swift */ = {isa = PBXFileReference; fileEncoding = 4; lastKnownFileType = sourcecode.swift; name = ReportEventType.swift; path = ../../Sources/ReportEventType.swift; sourceTree = "<group>"; };
		A1E80013201A3DAC00467EB9 /* PublishId.swift */ = {isa = PBXFileReference; fileEncoding = 4; lastKnownFileType = sourcecode.swift; name = PublishId.swift; path = ../../Sources/PublishId.swift; sourceTree = "<group>"; };
		A1EB82FA225B7FA600D63F7C /* ServerSyncEvent.swift */ = {isa = PBXFileReference; lastKnownFileType = sourcecode.swift; path = ServerSyncEvent.swift; sourceTree = "<group>"; };
		A1ED00141F9E392700A029F2 /* PushNotificationsTests-Bridging-Header.h */ = {isa = PBXFileReference; lastKnownFileType = sourcecode.c.h; path = "PushNotificationsTests-Bridging-Header.h"; sourceTree = "<group>"; };
		A1EFF5C8207B7E78006C3004 /* RemoteNotificationType.swift */ = {isa = PBXFileReference; lastKnownFileType = sourcecode.swift; name = RemoteNotificationType.swift; path = ../../Sources/RemoteNotificationType.swift; sourceTree = "<group>"; };
		A1F0E941219B18B800D32363 /* PushNotificationsError.swift */ = {isa = PBXFileReference; lastKnownFileType = sourcecode.swift; name = PushNotificationsError.swift; path = ../../Sources/PushNotificationsError.swift; sourceTree = "<group>"; };
		A1F122DE2237C7B200F7D766 /* ServerSyncProcessHandler.swift */ = {isa = PBXFileReference; fileEncoding = 4; lastKnownFileType = sourcecode.swift; path = ServerSyncProcessHandler.swift; sourceTree = "<group>"; };
		A1F122E12237C90500F7D766 /* PushNotificationsNetworkable.swift */ = {isa = PBXFileReference; fileEncoding = 4; lastKnownFileType = sourcecode.swift; path = PushNotificationsNetworkable.swift; sourceTree = "<group>"; };
		A1F122E22237C90500F7D766 /* NetworkService.swift */ = {isa = PBXFileReference; fileEncoding = 4; lastKnownFileType = sourcecode.swift; path = NetworkService.swift; sourceTree = "<group>"; };
		A1F122E52237C94600F7D766 /* RetryStrategy.swift */ = {isa = PBXFileReference; lastKnownFileType = sourcecode.swift; path = RetryStrategy.swift; sourceTree = "<group>"; };
		A1F122E72237C9D400F7D766 /* PushNotificationsAPIError.swift */ = {isa = PBXFileReference; lastKnownFileType = sourcecode.swift; path = PushNotificationsAPIError.swift; sourceTree = "<group>"; };
/* End PBXFileReference section */

/* Begin PBXFrameworksBuildPhase section */
		A155BFAF1F9E38040070A609 /* Frameworks */ = {
			isa = PBXFrameworksBuildPhase;
			buildActionMask = 2147483647;
			files = (
			);
			runOnlyForDeploymentPostprocessing = 0;
		};
		A155BFB91F9E38040070A609 /* Frameworks */ = {
			isa = PBXFrameworksBuildPhase;
			buildActionMask = 2147483647;
			files = (
				A155BFBD1F9E38040070A609 /* PushNotifications.framework in Frameworks */,
			);
			runOnlyForDeploymentPostprocessing = 0;
		};
/* End PBXFrameworksBuildPhase section */

/* Begin PBXGroup section */
		A108B0CB2237FAD6007FCB2D /* Persistence */ = {
			isa = PBXGroup;
			children = (
				A108811920334D860091E8EB /* Instance.swift */,
				A108B0CE2237FBF8007FCB2D /* DeviceStateStore.swift */,
				A144AB471F9E3DA2009F0040 /* Device.swift */,
				A19ECF821FCF099100688DAF /* PersistenceService.swift */,
				A19ECF811FCF099100688DAF /* InterestPersistable.swift */,
				A1482A532180A47900F19A4E /* UserPersistable.swift */,
				A10552EC2028A934001E45D1 /* Metadata.swift */,
			);
			name = Persistence;
			path = ../../Sources/Persistence;
			sourceTree = "<group>";
		};
		A108B0D22237FD50007FCB2D /* Internal */ = {
			isa = PBXGroup;
			children = (
				A108B0D32237FD50007FCB2D /* ServerSyncProcessHandlerTests.swift */,
			);
			name = Internal;
			path = ../../Tests/Internal;
			sourceTree = "<group>";
		};
		A108B0FF2237FE4C007FCB2D /* Persistence */ = {
			isa = PBXGroup;
			children = (
				A108B1002237FE4C007FCB2D /* InstanceTests.swift */,
				A108B1012237FE4C007FCB2D /* DeviceTests.swift */,
				A108B1022237FE4C007FCB2D /* InterestPersistableTests.swift */,
				A108B1032237FE4C007FCB2D /* UserPersistableTests.swift */,
			);
			name = Persistence;
			path = ../../Tests/Persistence;
			sourceTree = "<group>";
		};
		A1197BD5206266D100FD7335 /* Frameworks */ = {
			isa = PBXGroup;
			children = (
				A1D2AC302254E6FB00AF4871 /* Nimble.framework */,
				A1197BD6206266D200FD7335 /* OHHTTPStubs.framework */,
			);
			name = Frameworks;
			sourceTree = "<group>";
		};
		A155BFA91F9E38040070A609 = {
			isa = PBXGroup;
			children = (
				A155BFB51F9E38040070A609 /* PushNotifications */,
				A155BFC01F9E38040070A609 /* PushNotificationsTests */,
				A155BFB41F9E38040070A609 /* Products */,
				A1197BD5206266D100FD7335 /* Frameworks */,
			);
			sourceTree = "<group>";
		};
		A155BFB41F9E38040070A609 /* Products */ = {
			isa = PBXGroup;
			children = (
				A155BFB31F9E38040070A609 /* PushNotifications.framework */,
				A155BFBC1F9E38040070A609 /* PushNotificationsTests.xctest */,
			);
			name = Products;
			sourceTree = "<group>";
		};
		A155BFB51F9E38040070A609 /* PushNotifications */ = {
			isa = PBXGroup;
			children = (
				A108B0CB2237FAD6007FCB2D /* Persistence */,
				A1F122E02237C90500F7D766 /* API */,
				A1F122DD2237C7B200F7D766 /* Internal */,
				A104B3A020F75C9000587100 /* Array+CalculateMD5Hash.swift */,
				A182088C2014C6F4007D86C6 /* Array+ContainsSameElements.swift */,
				A1327BDD2178EB62001483E1 /* AuthData.swift */,
				A1327BDC2178EB61001483E1 /* BeamsTokenProvider.swift */,
				A138645A212C5057009FE29D /* Constants.swift */,
				A144AB441F9E3DA2009F0040 /* DeviceTokenHelper.swift */,
				A140FFD02020BE5700931AF6 /* Encodable+Encode.swift */,
				A1504E16206B9D98002D1E74 /* EventTypeHandler.swift */,
				A1067108201F69B8001190F8 /* FeatureFlags.swift */,
				A144AB491F9E3DA3009F0040 /* HTTPMethod.swift */,
				A155BFB71F9E38040070A609 /* Info.plist */,
				A140FFD22020BECF00931AF6 /* Interests.swift */,
				A1B344412018BC0100481BDF /* InterestValidationError.swift */,
				A1AC401420FDFF1E002E6128 /* MD5.swift */,
				A1B344422018BC0200481BDF /* MultipleInvalidInterestsError.swift */,
				A10552EE2028C017001E45D1 /* PropertyListReadable.swift */,
				A1E80013201A3DAC00467EB9 /* PublishId.swift */,
				A108811820334D860091E8EB /* PusherAlreadyRegisteredError.swift */,
				A155BFB61F9E38040070A609 /* PushNotifications.h */,
				A144AB481F9E3DA2009F0040 /* PushNotifications.swift */,
				A1F0E941219B18B800D32363 /* PushNotificationsError.swift */,
				A16782541FA0EA2C00A193DF /* Reason.swift */,
				A1E78E302020AEF400DD94B2 /* Register.swift */,
				A1EFF5C8207B7E78006C3004 /* RemoteNotificationType.swift */,
				A1E80009201A213000467EB9 /* ReportEventType.swift */,
				A1482A572181F3CD00F19A4E /* Result.swift */,
				A140FFD62020C5E600931AF6 /* SDK.swift */,
				A1DAD62D2020CAE7001497B5 /* SystemVersion.swift */,
				A19B15D22189E4FC008E6DB5 /* Token.swift */,
				A1327BDE2178EB62001483E1 /* TokenProvider.swift */,
				A1D2AC4022565FE400AF4871 /* PushNotificationsInstancePersistable.swift */,
			);
			path = PushNotifications;
			sourceTree = "<group>";
		};
		A155BFC01F9E38040070A609 /* PushNotificationsTests */ = {
			isa = PBXGroup;
			children = (
				A1C41F792253B4A100497D87 /* IntegrationTests */,
				A108B0FF2237FE4C007FCB2D /* Persistence */,
				A155BFC31F9E38040070A609 /* Info.plist */,
				A108B0DD2237FD50007FCB2D /* ArrayContainsSameElementsTests.swift */,
				A108B0D02237FD50007FCB2D /* AuthDataTests.swift */,
				A108B0D92237FD50007FCB2D /* BeamsTokenProviderTests.swift */,
				A108B0DC2237FD50007FCB2D /* ConstantsTests.swift */,
				A108B0E22237FD50007FCB2D /* DeviceTokenHelperTests.swift */,
				A108B0D52237FD50007FCB2D /* EventTypeHandlerTests.swift */,
				A108B0D42237FD50007FCB2D /* FeatureFlagsTests.swift */,
				A108B0E12237FD50007FCB2D /* InterestsMD5HashTests.swift */,
				A108B0E72237FD51007FCB2D /* InterestsTests.swift */,
				A108B0D22237FD50007FCB2D /* Internal */,
				A108B0E42237FD50007FCB2D /* PublishIdTests.swift */,
				A108B0D62237FD50007FCB2D /* ReasonTests.swift */,
				A108B0DA2237FD50007FCB2D /* RegisterTests.swift */,
				A108B0DF2237FD50007FCB2D /* SDKTests.swift */,
				A108B0E02237FD50007FCB2D /* SystemVersionTests.swift */,
				A1ED00141F9E392700A029F2 /* PushNotificationsTests-Bridging-Header.h */,
			);
			path = PushNotificationsTests;
			sourceTree = "<group>";
		};
		A1C41F792253B4A100497D87 /* IntegrationTests */ = {
			isa = PBXGroup;
			children = (
				A1C41F7A2253B4BC00497D87 /* DeviceRegistrationTests.swift */,
				A1D2AC332254E83900AF4871 /* DeviceInterestsTest.swift */,
				A1D2AC352254EF0900AF4871 /* TestAPIClientHelper.swift */,
				A1D2AC39225602B800AF4871 /* StopTests.swift */,
				A1D2AC3B22560A4300AF4871 /* ClearAllStateTest.swift */,
				A1D2AC3E225653A600AF4871 /* SetUserIdTest.swift */,
				A1424C1D225E061200BCE570 /* ReportEventTypeTests.swift */,
				A1424C21225E20EA00BCE570 /* ApplicationStartTests.swift */,
			);
			name = IntegrationTests;
			path = ../../Tests/IntegrationTests;
			sourceTree = "<group>";
		};
		A1F122DD2237C7B200F7D766 /* Internal */ = {
			isa = PBXGroup;
			children = (
				A1D2AC372254F7EE00AF4871 /* String+HexStringToData.swift */,
				A1F122DE2237C7B200F7D766 /* ServerSyncProcessHandler.swift */,
				A1EB82FA225B7FA600D63F7C /* ServerSyncEvent.swift */,
			);
			name = Internal;
			path = ../../Sources/Internal;
			sourceTree = "<group>";
		};
		A1F122E02237C90500F7D766 /* API */ = {
			isa = PBXGroup;
			children = (
				A1F122E12237C90500F7D766 /* PushNotificationsNetworkable.swift */,
				A1F122E22237C90500F7D766 /* NetworkService.swift */,
				A1F122E52237C94600F7D766 /* RetryStrategy.swift */,
				A1F122E72237C9D400F7D766 /* PushNotificationsAPIError.swift */,
			);
			name = API;
			path = ../../Sources/API;
			sourceTree = "<group>";
		};
/* End PBXGroup section */

/* Begin PBXHeadersBuildPhase section */
		A155BFB01F9E38040070A609 /* Headers */ = {
			isa = PBXHeadersBuildPhase;
			buildActionMask = 2147483647;
			files = (
				A155BFC41F9E38040070A609 /* PushNotifications.h in Headers */,
			);
			runOnlyForDeploymentPostprocessing = 0;
		};
/* End PBXHeadersBuildPhase section */

/* Begin PBXNativeTarget section */
		A155BFB21F9E38040070A609 /* PushNotifications */ = {
			isa = PBXNativeTarget;
			buildConfigurationList = A155BFC71F9E38040070A609 /* Build configuration list for PBXNativeTarget "PushNotifications" */;
			buildPhases = (
				A155BFAE1F9E38040070A609 /* Sources */,
				A155BFAF1F9E38040070A609 /* Frameworks */,
				A155BFB01F9E38040070A609 /* Headers */,
				A155BFB11F9E38040070A609 /* Resources */,
			);
			buildRules = (
			);
			dependencies = (
			);
			name = PushNotifications;
			productName = PushNotifications;
			productReference = A155BFB31F9E38040070A609 /* PushNotifications.framework */;
			productType = "com.apple.product-type.framework";
		};
		A155BFBB1F9E38040070A609 /* PushNotificationsTests */ = {
			isa = PBXNativeTarget;
			buildConfigurationList = A155BFCA1F9E38040070A609 /* Build configuration list for PBXNativeTarget "PushNotificationsTests" */;
			buildPhases = (
				A155BFB81F9E38040070A609 /* Sources */,
				A155BFB91F9E38040070A609 /* Frameworks */,
				A155BFBA1F9E38040070A609 /* Resources */,
				A1197BD920626ABC00FD7335 /* ShellScript */,
			);
			buildRules = (
			);
			dependencies = (
				A155BFBF1F9E38040070A609 /* PBXTargetDependency */,
			);
			name = PushNotificationsTests;
			productName = PushNotificationsTests;
			productReference = A155BFBC1F9E38040070A609 /* PushNotificationsTests.xctest */;
			productType = "com.apple.product-type.bundle.unit-test";
		};
/* End PBXNativeTarget section */

/* Begin PBXProject section */
		A155BFAA1F9E38040070A609 /* Project object */ = {
			isa = PBXProject;
			attributes = {
				LastSwiftUpdateCheck = 0910;
				LastUpgradeCheck = 0930;
				ORGANIZATIONNAME = Pusher;
				TargetAttributes = {
					A155BFB21F9E38040070A609 = {
						CreatedOnToolsVersion = 9.1;
						LastSwiftMigration = 0910;
						ProvisioningStyle = Automatic;
					};
					A155BFBB1F9E38040070A609 = {
						CreatedOnToolsVersion = 9.1;
						LastSwiftMigration = 0910;
						ProvisioningStyle = Automatic;
					};
				};
			};
			buildConfigurationList = A155BFAD1F9E38040070A609 /* Build configuration list for PBXProject "PushNotifications" */;
			compatibilityVersion = "Xcode 8.0";
			developmentRegion = en;
			hasScannedForEncodings = 0;
			knownRegions = (
				en,
			);
			mainGroup = A155BFA91F9E38040070A609;
			productRefGroup = A155BFB41F9E38040070A609 /* Products */;
			projectDirPath = "";
			projectRoot = "";
			targets = (
				A155BFB21F9E38040070A609 /* PushNotifications */,
				A155BFBB1F9E38040070A609 /* PushNotificationsTests */,
			);
		};
/* End PBXProject section */

/* Begin PBXResourcesBuildPhase section */
		A155BFB11F9E38040070A609 /* Resources */ = {
			isa = PBXResourcesBuildPhase;
			buildActionMask = 2147483647;
			files = (
			);
			runOnlyForDeploymentPostprocessing = 0;
		};
		A155BFBA1F9E38040070A609 /* Resources */ = {
			isa = PBXResourcesBuildPhase;
			buildActionMask = 2147483647;
			files = (
			);
			runOnlyForDeploymentPostprocessing = 0;
		};
/* End PBXResourcesBuildPhase section */

/* Begin PBXShellScriptBuildPhase section */
		A1197BD920626ABC00FD7335 /* ShellScript */ = {
			isa = PBXShellScriptBuildPhase;
			buildActionMask = 2147483647;
			files = (
			);
			inputPaths = (
				OHHTTPStubs,
				Nimble,
			);
			outputPaths = (
			);
			runOnlyForDeploymentPostprocessing = 0;
			shellPath = /bin/sh;
			shellScript = "case \"$PLATFORM_NAME\" in\nmacosx) plat=Mac;;\niphone*) plat=iOS;;\nwatch*) plat=watchOS;;\ntv*) plat=tvOS;;\nappletv*) plat=tvOS;;\n*) echo \"error: Unknown PLATFORM_NAME: $PLATFORM_NAME\"; exit 1;;\nesac\nfor (( n = 0; n < SCRIPT_INPUT_FILE_COUNT; n++ )); do\nVAR=SCRIPT_INPUT_FILE_$n\nframework=$(basename \"${!VAR}\")\nexport SCRIPT_INPUT_FILE_$n=../Carthage/Build/$plat/\"$framework\".framework\ndone\n\n/usr/local/bin/carthage copy-frameworks || exit\n\nfor (( n = 0; n < SCRIPT_INPUT_FILE_COUNT; n++ )); do\nVAR=SCRIPT_INPUT_FILE_$n\nsource=${!VAR}.dSYM\ndest=${BUILT_PRODUCTS_DIR}/$(basename \"$source\")\nditto \"$source\" \"$dest\" || exit\ndone\n";
		};
/* End PBXShellScriptBuildPhase section */

/* Begin PBXSourcesBuildPhase section */
		A155BFAE1F9E38040070A609 /* Sources */ = {
			isa = PBXSourcesBuildPhase;
			buildActionMask = 2147483647;
			files = (
				A1E78E312020AEF400DD94B2 /* Register.swift in Sources */,
				A1F122E32237C90600F7D766 /* PushNotificationsNetworkable.swift in Sources */,
				A1F122E82237C9D400F7D766 /* PushNotificationsAPIError.swift in Sources */,
				A140FFD72020C5E600931AF6 /* SDK.swift in Sources */,
				A144AB4C1F9E3DA3009F0040 /* DeviceTokenHelper.swift in Sources */,
				A140FFD12020BE5700931AF6 /* Encodable+Encode.swift in Sources */,
				A1D2AC4122565FE400AF4871 /* PushNotificationsInstancePersistable.swift in Sources */,
				A182088D2014C6F4007D86C6 /* Array+ContainsSameElements.swift in Sources */,
				A138645B212C5057009FE29D /* Constants.swift in Sources */,
				A1EB82FB225B7FA600D63F7C /* ServerSyncEvent.swift in Sources */,
				A140FFD32020BECF00931AF6 /* Interests.swift in Sources */,
				A1327BDF2178EB62001483E1 /* BeamsTokenProvider.swift in Sources */,
				A1F0E942219B18B800D32363 /* PushNotificationsError.swift in Sources */,
				A1327BE02178EB62001483E1 /* AuthData.swift in Sources */,
				A19ECF831FCF099200688DAF /* InterestPersistable.swift in Sources */,
				A1482A582181F3CD00F19A4E /* Result.swift in Sources */,
				A1D2AC3D22560D3E00AF4871 /* String+HexStringToData.swift in Sources */,
				A1F122E42237C90600F7D766 /* NetworkService.swift in Sources */,
				A1DAD62E2020CAE7001497B5 /* SystemVersion.swift in Sources */,
				A104B3A120F75C9000587100 /* Array+CalculateMD5Hash.swift in Sources */,
				A1EFF5C9207B7E78006C3004 /* RemoteNotificationType.swift in Sources */,
				A19ECF841FCF099200688DAF /* PersistenceService.swift in Sources */,
				A10552ED2028A934001E45D1 /* Metadata.swift in Sources */,
				A1482A542180A47900F19A4E /* UserPersistable.swift in Sources */,
				A144AB511F9E3DA3009F0040 /* HTTPMethod.swift in Sources */,
				A1AC401520FDFF1E002E6128 /* MD5.swift in Sources */,
				A144AB501F9E3DA3009F0040 /* PushNotifications.swift in Sources */,
				A1B344432018BC0200481BDF /* InterestValidationError.swift in Sources */,
				A1504E17206B9D98002D1E74 /* EventTypeHandler.swift in Sources */,
				A1B344442018BC0200481BDF /* MultipleInvalidInterestsError.swift in Sources */,
				A1067109201F69B8001190F8 /* FeatureFlags.swift in Sources */,
				A10552EF2028C017001E45D1 /* PropertyListReadable.swift in Sources */,
				A19B15D32189E4FC008E6DB5 /* Token.swift in Sources */,
				A108811A20334D860091E8EB /* PusherAlreadyRegisteredError.swift in Sources */,
				A1F122DF2237C7B200F7D766 /* ServerSyncProcessHandler.swift in Sources */,
				A1327BE12178EB62001483E1 /* TokenProvider.swift in Sources */,
				A144AB4F1F9E3DA3009F0040 /* Device.swift in Sources */,
				A1E8000A201A213000467EB9 /* ReportEventType.swift in Sources */,
				A1E80015201A3DAC00467EB9 /* PublishId.swift in Sources */,
				A1F122E62237C94600F7D766 /* RetryStrategy.swift in Sources */,
				A108811B20334D860091E8EB /* Instance.swift in Sources */,
				A16782551FA0EA2D00A193DF /* Reason.swift in Sources */,
				A108B0CF2237FBF8007FCB2D /* DeviceStateStore.swift in Sources */,
			);
			runOnlyForDeploymentPostprocessing = 0;
		};
		A155BFB81F9E38040070A609 /* Sources */ = {
			isa = PBXSourcesBuildPhase;
			buildActionMask = 2147483647;
			files = (
				A108B0EC2237FD51007FCB2D /* EventTypeHandlerTests.swift in Sources */,
				A108B0F92237FD51007FCB2D /* DeviceTokenHelperTests.swift in Sources */,
				A1D2AC3A225602B800AF4871 /* StopTests.swift in Sources */,
				A108B0F72237FD51007FCB2D /* SystemVersionTests.swift in Sources */,
				A108B0F02237FD51007FCB2D /* BeamsTokenProviderTests.swift in Sources */,
				A108B1062237FE4D007FCB2D /* InterestPersistableTests.swift in Sources */,
				A1D2AC3C22560A4300AF4871 /* ClearAllStateTest.swift in Sources */,
				A108B0F62237FD51007FCB2D /* SDKTests.swift in Sources */,
				A1D2AC362254EF0900AF4871 /* TestAPIClientHelper.swift in Sources */,
				A108B0FE2237FD51007FCB2D /* InterestsTests.swift in Sources */,
				A108B0EA2237FD51007FCB2D /* ServerSyncProcessHandlerTests.swift in Sources */,
				A108B0FB2237FD51007FCB2D /* PublishIdTests.swift in Sources */,
				A1424C1E225E061200BCE570 /* ReportEventTypeTests.swift in Sources */,
				A108B1052237FE4D007FCB2D /* DeviceTests.swift in Sources */,
				A1D2AC342254E83900AF4871 /* DeviceInterestsTest.swift in Sources */,
				A108B0F32237FD51007FCB2D /* ConstantsTests.swift in Sources */,
				A108B1042237FE4D007FCB2D /* InstanceTests.swift in Sources */,
				A108B0F42237FD51007FCB2D /* ArrayContainsSameElementsTests.swift in Sources */,
				A108B0EB2237FD51007FCB2D /* FeatureFlagsTests.swift in Sources */,
				A108B0E82237FD51007FCB2D /* AuthDataTests.swift in Sources */,
				A108B0F82237FD51007FCB2D /* InterestsMD5HashTests.swift in Sources */,
				A108B0F12237FD51007FCB2D /* RegisterTests.swift in Sources */,
				A1D2AC3F225653A600AF4871 /* SetUserIdTest.swift in Sources */,
				A1C41F7B2253B4BC00497D87 /* DeviceRegistrationTests.swift in Sources */,
				A108B0ED2237FD51007FCB2D /* ReasonTests.swift in Sources */,
				A108B1072237FE4D007FCB2D /* UserPersistableTests.swift in Sources */,
				A1424C22225E20EA00BCE570 /* ApplicationStartTests.swift in Sources */,
			);
			runOnlyForDeploymentPostprocessing = 0;
		};
/* End PBXSourcesBuildPhase section */

/* Begin PBXTargetDependency section */
		A155BFBF1F9E38040070A609 /* PBXTargetDependency */ = {
			isa = PBXTargetDependency;
			target = A155BFB21F9E38040070A609 /* PushNotifications */;
			targetProxy = A155BFBE1F9E38040070A609 /* PBXContainerItemProxy */;
		};
/* End PBXTargetDependency section */

/* Begin XCBuildConfiguration section */
		A155BFC51F9E38040070A609 /* Debug */ = {
			isa = XCBuildConfiguration;
			buildSettings = {
				ALWAYS_SEARCH_USER_PATHS = NO;
				CLANG_ANALYZER_NONNULL = YES;
				CLANG_ANALYZER_NUMBER_OBJECT_CONVERSION = YES_AGGRESSIVE;
				CLANG_CXX_LANGUAGE_STANDARD = "gnu++14";
				CLANG_CXX_LIBRARY = "libc++";
				CLANG_ENABLE_MODULES = YES;
				CLANG_ENABLE_OBJC_ARC = YES;
				CLANG_WARN_BLOCK_CAPTURE_AUTORELEASING = YES;
				CLANG_WARN_BOOL_CONVERSION = YES;
				CLANG_WARN_COMMA = YES;
				CLANG_WARN_CONSTANT_CONVERSION = YES;
				CLANG_WARN_DEPRECATED_OBJC_IMPLEMENTATIONS = YES;
				CLANG_WARN_DIRECT_OBJC_ISA_USAGE = YES_ERROR;
				CLANG_WARN_DOCUMENTATION_COMMENTS = YES;
				CLANG_WARN_EMPTY_BODY = YES;
				CLANG_WARN_ENUM_CONVERSION = YES;
				CLANG_WARN_INFINITE_RECURSION = YES;
				CLANG_WARN_INT_CONVERSION = YES;
				CLANG_WARN_NON_LITERAL_NULL_CONVERSION = YES;
				CLANG_WARN_OBJC_IMPLICIT_RETAIN_SELF = YES;
				CLANG_WARN_OBJC_LITERAL_CONVERSION = YES;
				CLANG_WARN_OBJC_ROOT_CLASS = YES_ERROR;
				CLANG_WARN_RANGE_LOOP_ANALYSIS = YES;
				CLANG_WARN_STRICT_PROTOTYPES = YES;
				CLANG_WARN_SUSPICIOUS_MOVE = YES;
				CLANG_WARN_UNGUARDED_AVAILABILITY = YES_AGGRESSIVE;
				CLANG_WARN_UNREACHABLE_CODE = YES;
				CLANG_WARN__DUPLICATE_METHOD_MATCH = YES;
				CODE_SIGN_IDENTITY = "iPhone Developer";
				COPY_PHASE_STRIP = NO;
				CURRENT_PROJECT_VERSION = 1;
				DEBUG_INFORMATION_FORMAT = dwarf;
				ENABLE_STRICT_OBJC_MSGSEND = YES;
				ENABLE_TESTABILITY = YES;
				GCC_C_LANGUAGE_STANDARD = gnu11;
				GCC_DYNAMIC_NO_PIC = NO;
				GCC_NO_COMMON_BLOCKS = YES;
				GCC_OPTIMIZATION_LEVEL = 0;
				GCC_PREPROCESSOR_DEFINITIONS = (
					"DEBUG=1",
					"$(inherited)",
				);
				GCC_WARN_64_TO_32_BIT_CONVERSION = YES;
				GCC_WARN_ABOUT_RETURN_TYPE = YES_ERROR;
				GCC_WARN_UNDECLARED_SELECTOR = YES;
				GCC_WARN_UNINITIALIZED_AUTOS = YES_AGGRESSIVE;
				GCC_WARN_UNUSED_FUNCTION = YES;
				GCC_WARN_UNUSED_VARIABLE = YES;
				IPHONEOS_DEPLOYMENT_TARGET = 11.1;
				MTL_ENABLE_DEBUG_INFO = YES;
				ONLY_ACTIVE_ARCH = YES;
				SDKROOT = iphoneos;
				SUPPORTED_PLATFORMS = "iphonesimulator iphoneos macosx";
				SWIFT_ACTIVE_COMPILATION_CONDITIONS = DEBUG;
				SWIFT_OPTIMIZATION_LEVEL = "-Onone";
				SWIFT_VERSION = 4.2;
				VERSIONING_SYSTEM = "apple-generic";
				VERSION_INFO_PREFIX = "";
			};
			name = Debug;
		};
		A155BFC61F9E38040070A609 /* Release */ = {
			isa = XCBuildConfiguration;
			buildSettings = {
				ALWAYS_SEARCH_USER_PATHS = NO;
				CLANG_ANALYZER_NONNULL = YES;
				CLANG_ANALYZER_NUMBER_OBJECT_CONVERSION = YES_AGGRESSIVE;
				CLANG_CXX_LANGUAGE_STANDARD = "gnu++14";
				CLANG_CXX_LIBRARY = "libc++";
				CLANG_ENABLE_MODULES = YES;
				CLANG_ENABLE_OBJC_ARC = YES;
				CLANG_WARN_BLOCK_CAPTURE_AUTORELEASING = YES;
				CLANG_WARN_BOOL_CONVERSION = YES;
				CLANG_WARN_COMMA = YES;
				CLANG_WARN_CONSTANT_CONVERSION = YES;
				CLANG_WARN_DEPRECATED_OBJC_IMPLEMENTATIONS = YES;
				CLANG_WARN_DIRECT_OBJC_ISA_USAGE = YES_ERROR;
				CLANG_WARN_DOCUMENTATION_COMMENTS = YES;
				CLANG_WARN_EMPTY_BODY = YES;
				CLANG_WARN_ENUM_CONVERSION = YES;
				CLANG_WARN_INFINITE_RECURSION = YES;
				CLANG_WARN_INT_CONVERSION = YES;
				CLANG_WARN_NON_LITERAL_NULL_CONVERSION = YES;
				CLANG_WARN_OBJC_IMPLICIT_RETAIN_SELF = YES;
				CLANG_WARN_OBJC_LITERAL_CONVERSION = YES;
				CLANG_WARN_OBJC_ROOT_CLASS = YES_ERROR;
				CLANG_WARN_RANGE_LOOP_ANALYSIS = YES;
				CLANG_WARN_STRICT_PROTOTYPES = YES;
				CLANG_WARN_SUSPICIOUS_MOVE = YES;
				CLANG_WARN_UNGUARDED_AVAILABILITY = YES_AGGRESSIVE;
				CLANG_WARN_UNREACHABLE_CODE = YES;
				CLANG_WARN__DUPLICATE_METHOD_MATCH = YES;
				CODE_SIGN_IDENTITY = "iPhone Developer";
				COPY_PHASE_STRIP = NO;
				CURRENT_PROJECT_VERSION = 1;
				DEBUG_INFORMATION_FORMAT = "dwarf-with-dsym";
				ENABLE_NS_ASSERTIONS = NO;
				ENABLE_STRICT_OBJC_MSGSEND = YES;
				GCC_C_LANGUAGE_STANDARD = gnu11;
				GCC_NO_COMMON_BLOCKS = YES;
				GCC_WARN_64_TO_32_BIT_CONVERSION = YES;
				GCC_WARN_ABOUT_RETURN_TYPE = YES_ERROR;
				GCC_WARN_UNDECLARED_SELECTOR = YES;
				GCC_WARN_UNINITIALIZED_AUTOS = YES_AGGRESSIVE;
				GCC_WARN_UNUSED_FUNCTION = YES;
				GCC_WARN_UNUSED_VARIABLE = YES;
				IPHONEOS_DEPLOYMENT_TARGET = 11.1;
				MTL_ENABLE_DEBUG_INFO = NO;
				SDKROOT = iphoneos;
				SUPPORTED_PLATFORMS = "iphonesimulator iphoneos macosx";
				SWIFT_OPTIMIZATION_LEVEL = "-Owholemodule";
				SWIFT_VERSION = 4.2;
				VALIDATE_PRODUCT = YES;
				VERSIONING_SYSTEM = "apple-generic";
				VERSION_INFO_PREFIX = "";
			};
			name = Release;
		};
		A155BFC81F9E38040070A609 /* Debug */ = {
			isa = XCBuildConfiguration;
			buildSettings = {
				CLANG_ENABLE_MODULES = YES;
				CODE_SIGN_IDENTITY = "";
				CODE_SIGN_STYLE = Automatic;
				DEFINES_MODULE = YES;
				DEVELOPMENT_TEAM = H7FL434D9W;
				DYLIB_COMPATIBILITY_VERSION = 1;
				DYLIB_CURRENT_VERSION = 1;
				DYLIB_INSTALL_NAME_BASE = "@rpath";
				INFOPLIST_FILE = PushNotifications/Info.plist;
				INSTALL_PATH = "$(LOCAL_LIBRARY_DIR)/Frameworks";
				IPHONEOS_DEPLOYMENT_TARGET = 10.0;
				LD_RUNPATH_SEARCH_PATHS = "$(inherited) @executable_path/Frameworks @loader_path/Frameworks";
				MACOSX_DEPLOYMENT_TARGET = 10.10;
				PRODUCT_BUNDLE_IDENTIFIER = com.pusher.PushNotifications;
				PRODUCT_NAME = "$(TARGET_NAME:c99extidentifier)";
				SDKROOT = "";
				SKIP_INSTALL = YES;
				SUPPORTED_PLATFORMS = "iphonesimulator iphoneos macosx";
				SWIFT_OPTIMIZATION_LEVEL = "-Onone";
				SWIFT_VERSION = 4.2;
				TARGETED_DEVICE_FAMILY = "1,2";
			};
			name = Debug;
		};
		A155BFC91F9E38040070A609 /* Release */ = {
			isa = XCBuildConfiguration;
			buildSettings = {
				CLANG_ENABLE_MODULES = YES;
				CODE_SIGN_IDENTITY = "";
				CODE_SIGN_STYLE = Automatic;
				DEFINES_MODULE = YES;
				DEVELOPMENT_TEAM = H7FL434D9W;
				DYLIB_COMPATIBILITY_VERSION = 1;
				DYLIB_CURRENT_VERSION = 1;
				DYLIB_INSTALL_NAME_BASE = "@rpath";
				INFOPLIST_FILE = PushNotifications/Info.plist;
				INSTALL_PATH = "$(LOCAL_LIBRARY_DIR)/Frameworks";
				IPHONEOS_DEPLOYMENT_TARGET = 10.0;
				LD_RUNPATH_SEARCH_PATHS = "$(inherited) @executable_path/Frameworks @loader_path/Frameworks";
				MACOSX_DEPLOYMENT_TARGET = 10.10;
				PRODUCT_BUNDLE_IDENTIFIER = com.pusher.PushNotifications;
				PRODUCT_NAME = "$(TARGET_NAME:c99extidentifier)";
				SDKROOT = "";
				SKIP_INSTALL = YES;
				SUPPORTED_PLATFORMS = "iphonesimulator iphoneos macosx";
				SWIFT_VERSION = 4.2;
				TARGETED_DEVICE_FAMILY = "1,2";
			};
			name = Release;
		};
		A155BFCB1F9E38040070A609 /* Debug */ = {
			isa = XCBuildConfiguration;
			buildSettings = {
				ALWAYS_EMBED_SWIFT_STANDARD_LIBRARIES = YES;
				CLANG_ENABLE_MODULES = YES;
				CODE_SIGN_IDENTITY = "";
				"CODE_SIGN_IDENTITY[sdk=iphoneos*]" = "";
				CODE_SIGN_STYLE = Automatic;
				DEVELOPMENT_TEAM = H7FL434D9W;
				FRAMEWORK_SEARCH_PATHS = "$(inherited)";
				"FRAMEWORK_SEARCH_PATHS[sdk=iphoneos*]" = (
					"$(inherited)",
					../Carthage/Build/iOS/,
				);
				"FRAMEWORK_SEARCH_PATHS[sdk=iphonesimulator*]" = (
					"$(inherited)",
					../Carthage/Build/iOS/,
				);
				"FRAMEWORK_SEARCH_PATHS[sdk=macosx*]" = (
					../Carthage/Build/Mac/,
					"$(inherited)",
				);
				INFOPLIST_FILE = PushNotificationsTests/Info.plist;
				IPHONEOS_DEPLOYMENT_TARGET = 10.0;
				LD_RUNPATH_SEARCH_PATHS = "$(inherited) @executable_path/Frameworks @loader_path/Frameworks @loader_path/../Frameworks @executable_path/../Frameworks";
				PRODUCT_BUNDLE_IDENTIFIER = com.pusher.PushNotificationsTests;
				PRODUCT_NAME = "$(TARGET_NAME)";
				PROVISIONING_PROFILE_SPECIFIER = "";
				REEXPORTED_FRAMEWORK_NAMES = "";
				SDKROOT = "";
				SUPPORTED_PLATFORMS = "iphonesimulator iphoneos macosx";
				SWIFT_OBJC_BRIDGING_HEADER = "PushNotificationsTests/PushNotificationsTests-Bridging-Header.h";
				SWIFT_OPTIMIZATION_LEVEL = "-Onone";
				SWIFT_VERSION = 4.2;
				TARGETED_DEVICE_FAMILY = "1,2";
			};
			name = Debug;
		};
		A155BFCC1F9E38040070A609 /* Release */ = {
			isa = XCBuildConfiguration;
			buildSettings = {
				ALWAYS_EMBED_SWIFT_STANDARD_LIBRARIES = YES;
				CLANG_ENABLE_MODULES = YES;
				CODE_SIGN_IDENTITY = "";
				"CODE_SIGN_IDENTITY[sdk=iphoneos*]" = "";
				CODE_SIGN_STYLE = Automatic;
				DEVELOPMENT_TEAM = H7FL434D9W;
				FRAMEWORK_SEARCH_PATHS = "$(inherited)";
				"FRAMEWORK_SEARCH_PATHS[sdk=iphoneos*]" = (
					"$(inherited)",
					../Carthage/Build/iOS/,
				);
				"FRAMEWORK_SEARCH_PATHS[sdk=iphonesimulator*]" = (
					"$(inherited)",
					../Carthage/Build/iOS/,
				);
				"FRAMEWORK_SEARCH_PATHS[sdk=macosx*]" = (
					../Carthage/Build/Mac/,
					"$(inherited)",
				);
				INFOPLIST_FILE = PushNotificationsTests/Info.plist;
				IPHONEOS_DEPLOYMENT_TARGET = 10.0;
				LD_RUNPATH_SEARCH_PATHS = "$(inherited) @executable_path/Frameworks @loader_path/Frameworks @loader_path/../Frameworks @executable_path/../Frameworks";
				PRODUCT_BUNDLE_IDENTIFIER = com.pusher.PushNotificationsTests;
				PRODUCT_NAME = "$(TARGET_NAME)";
				PROVISIONING_PROFILE_SPECIFIER = "";
				REEXPORTED_FRAMEWORK_NAMES = "";
				SDKROOT = "";
				SUPPORTED_PLATFORMS = "iphonesimulator iphoneos macosx";
				SWIFT_OBJC_BRIDGING_HEADER = "PushNotificationsTests/PushNotificationsTests-Bridging-Header.h";
				SWIFT_VERSION = 4.2;
				TARGETED_DEVICE_FAMILY = "1,2";
			};
			name = Release;
		};
/* End XCBuildConfiguration section */

/* Begin XCConfigurationList section */
		A155BFAD1F9E38040070A609 /* Build configuration list for PBXProject "PushNotifications" */ = {
			isa = XCConfigurationList;
			buildConfigurations = (
				A155BFC51F9E38040070A609 /* Debug */,
				A155BFC61F9E38040070A609 /* Release */,
			);
			defaultConfigurationIsVisible = 0;
			defaultConfigurationName = Release;
		};
		A155BFC71F9E38040070A609 /* Build configuration list for PBXNativeTarget "PushNotifications" */ = {
			isa = XCConfigurationList;
			buildConfigurations = (
				A155BFC81F9E38040070A609 /* Debug */,
				A155BFC91F9E38040070A609 /* Release */,
			);
			defaultConfigurationIsVisible = 0;
			defaultConfigurationName = Release;
		};
		A155BFCA1F9E38040070A609 /* Build configuration list for PBXNativeTarget "PushNotificationsTests" */ = {
			isa = XCConfigurationList;
			buildConfigurations = (
				A155BFCB1F9E38040070A609 /* Debug */,
				A155BFCC1F9E38040070A609 /* Release */,
			);
			defaultConfigurationIsVisible = 0;
			defaultConfigurationName = Release;
		};
/* End XCConfigurationList section */
	};
	rootObject = A155BFAA1F9E38040070A609 /* Project object */;
}
