// !$*UTF8*$!
{
	archiveVersion = 1;
	classes = {
	};
	objectVersion = 48;
	objects = {

/* Begin PBXBuildFile section */
		A17D4D012018947B00C01431 /* AppDelegate.swift in Sources */ = {isa = PBXBuildFile; fileRef = A17D4D002018947B00C01431 /* AppDelegate.swift */; };
		A17D4D032018947B00C01431 /* ViewController.swift in Sources */ = {isa = PBXBuildFile; fileRef = A17D4D022018947B00C01431 /* ViewController.swift */; };
		A17D4D062018947B00C01431 /* Main.storyboard in Resources */ = {isa = PBXBuildFile; fileRef = A17D4D042018947B00C01431 /* Main.storyboard */; };
		A17D4D082018947B00C01431 /* Assets.xcassets in Resources */ = {isa = PBXBuildFile; fileRef = A17D4D072018947B00C01431 /* Assets.xcassets */; };
		A17D4D0B2018947B00C01431 /* LaunchScreen.storyboard in Resources */ = {isa = PBXBuildFile; fileRef = A17D4D092018947B00C01431 /* LaunchScreen.storyboard */; };
		A1FAC874201A428B0087FECF /* PushNotifications.framework in Frameworks */ = {isa = PBXBuildFile; fileRef = A1D794FE201895F400F44F01 /* PushNotifications.framework */; };
		A1FAC875201A428B0087FECF /* PushNotifications.framework in Embed Frameworks */ = {isa = PBXBuildFile; fileRef = A1D794FE201895F400F44F01 /* PushNotifications.framework */; settings = {ATTRIBUTES = (CodeSignOnCopy, RemoveHeadersOnCopy, ); }; };
/* End PBXBuildFile section */

/* Begin PBXCopyFilesBuildPhase section */
		A1FAC876201A428B0087FECF /* Embed Frameworks */ = {
			isa = PBXCopyFilesBuildPhase;
			buildActionMask = 2147483647;
			dstPath = "";
			dstSubfolderSpec = 10;
			files = (
				A1FAC875201A428B0087FECF /* PushNotifications.framework in Embed Frameworks */,
			);
			name = "Embed Frameworks";
			runOnlyForDeploymentPostprocessing = 0;
		};
/* End PBXCopyFilesBuildPhase section */

/* Begin PBXFileReference section */
		A17D4CFD2018947B00C01431 /* push-notifications-ios.app */ = {isa = PBXFileReference; explicitFileType = wrapper.application; includeInIndex = 0; path = "push-notifications-ios.app"; sourceTree = BUILT_PRODUCTS_DIR; };
		A17D4D002018947B00C01431 /* AppDelegate.swift */ = {isa = PBXFileReference; lastKnownFileType = sourcecode.swift; path = AppDelegate.swift; sourceTree = "<group>"; };
		A17D4D022018947B00C01431 /* ViewController.swift */ = {isa = PBXFileReference; lastKnownFileType = sourcecode.swift; path = ViewController.swift; sourceTree = "<group>"; };
		A17D4D052018947B00C01431 /* Base */ = {isa = PBXFileReference; lastKnownFileType = file.storyboard; name = Base; path = Base.lproj/Main.storyboard; sourceTree = "<group>"; };
		A17D4D072018947B00C01431 /* Assets.xcassets */ = {isa = PBXFileReference; lastKnownFileType = folder.assetcatalog; path = Assets.xcassets; sourceTree = "<group>"; };
		A17D4D0A2018947B00C01431 /* Base */ = {isa = PBXFileReference; lastKnownFileType = file.storyboard; name = Base; path = Base.lproj/LaunchScreen.storyboard; sourceTree = "<group>"; };
		A17D4D0C2018947B00C01431 /* Info.plist */ = {isa = PBXFileReference; lastKnownFileType = text.plist.xml; path = Info.plist; sourceTree = "<group>"; };
		A17D4D122018948C00C01431 /* push-notifications-ios.entitlements */ = {isa = PBXFileReference; lastKnownFileType = text.plist.entitlements; path = "push-notifications-ios.entitlements"; sourceTree = "<group>"; };
		A1D794FE201895F400F44F01 /* PushNotifications.framework */ = {isa = PBXFileReference; explicitFileType = wrapper.framework; path = PushNotifications.framework; sourceTree = BUILT_PRODUCTS_DIR; };
/* End PBXFileReference section */

/* Begin PBXFrameworksBuildPhase section */
		A17D4CFA2018947B00C01431 /* Frameworks */ = {
			isa = PBXFrameworksBuildPhase;
			buildActionMask = 2147483647;
			files = (
				A1FAC874201A428B0087FECF /* PushNotifications.framework in Frameworks */,
			);
			runOnlyForDeploymentPostprocessing = 0;
		};
/* End PBXFrameworksBuildPhase section */

/* Begin PBXGroup section */
		A17D4CF42018947B00C01431 = {
			isa = PBXGroup;
			children = (
				A17D4CFF2018947B00C01431 /* push-notifications-ios */,
				A17D4CFE2018947B00C01431 /* Products */,
				A1D794FC201895F400F44F01 /* Frameworks */,
			);
			sourceTree = "<group>";
		};
		A17D4CFE2018947B00C01431 /* Products */ = {
			isa = PBXGroup;
			children = (
				A17D4CFD2018947B00C01431 /* push-notifications-ios.app */,
			);
			name = Products;
			sourceTree = "<group>";
		};
		A17D4CFF2018947B00C01431 /* push-notifications-ios */ = {
			isa = PBXGroup;
			children = (
				A17D4D122018948C00C01431 /* push-notifications-ios.entitlements */,
				A17D4D002018947B00C01431 /* AppDelegate.swift */,
				A17D4D022018947B00C01431 /* ViewController.swift */,
				A17D4D042018947B00C01431 /* Main.storyboard */,
				A17D4D072018947B00C01431 /* Assets.xcassets */,
				A17D4D092018947B00C01431 /* LaunchScreen.storyboard */,
				A17D4D0C2018947B00C01431 /* Info.plist */,
			);
			path = "push-notifications-ios";
			sourceTree = "<group>";
		};
		A1D794FC201895F400F44F01 /* Frameworks */ = {
			isa = PBXGroup;
			children = (
				A1D794FE201895F400F44F01 /* PushNotifications.framework */,
			);
			name = Frameworks;
			sourceTree = "<group>";
		};
/* End PBXGroup section */

/* Begin PBXNativeTarget section */
		A17D4CFC2018947B00C01431 /* push-notifications-ios */ = {
			isa = PBXNativeTarget;
			buildConfigurationList = A17D4D0F2018947B00C01431 /* Build configuration list for PBXNativeTarget "push-notifications-ios" */;
			buildPhases = (
				A17D4CF92018947B00C01431 /* Sources */,
				A17D4CFA2018947B00C01431 /* Frameworks */,
				A17D4CFB2018947B00C01431 /* Resources */,
				A1FAC876201A428B0087FECF /* Embed Frameworks */,
			);
			buildRules = (
			);
			dependencies = (
			);
			name = "push-notifications-ios";
			productName = "push-notifications-ios";
			productReference = A17D4CFD2018947B00C01431 /* push-notifications-ios.app */;
			productType = "com.apple.product-type.application";
		};
/* End PBXNativeTarget section */

/* Begin PBXProject section */
		A17D4CF52018947B00C01431 /* Project object */ = {
			isa = PBXProject;
			attributes = {
				LastSwiftUpdateCheck = 0920;
				LastUpgradeCheck = 0930;
				ORGANIZATIONNAME = "Luka Bratos";
				TargetAttributes = {
					A17D4CFC2018947B00C01431 = {
						CreatedOnToolsVersion = 9.2;
						ProvisioningStyle = Automatic;
						SystemCapabilities = {
							com.apple.BackgroundModes = {
								enabled = 1;
							};
							com.apple.Push = {
								enabled = 1;
							};
						};
					};
				};
			};
			buildConfigurationList = A17D4CF82018947B00C01431 /* Build configuration list for PBXProject "push-notifications-ios" */;
			compatibilityVersion = "Xcode 8.0";
			developmentRegion = en;
			hasScannedForEncodings = 0;
			knownRegions = (
				en,
				Base,
			);
			mainGroup = A17D4CF42018947B00C01431;
			productRefGroup = A17D4CFE2018947B00C01431 /* Products */;
			projectDirPath = "";
			projectRoot = "";
			targets = (
				A17D4CFC2018947B00C01431 /* push-notifications-ios */,
			);
		};
/* End PBXProject section */

/* Begin PBXResourcesBuildPhase section */
		A17D4CFB2018947B00C01431 /* Resources */ = {
			isa = PBXResourcesBuildPhase;
			buildActionMask = 2147483647;
			files = (
				A17D4D0B2018947B00C01431 /* LaunchScreen.storyboard in Resources */,
				A17D4D082018947B00C01431 /* Assets.xcassets in Resources */,
				A17D4D062018947B00C01431 /* Main.storyboard in Resources */,
			);
			runOnlyForDeploymentPostprocessing = 0;
		};
/* End PBXResourcesBuildPhase section */

/* Begin PBXSourcesBuildPhase section */
		A17D4CF92018947B00C01431 /* Sources */ = {
			isa = PBXSourcesBuildPhase;
			buildActionMask = 2147483647;
			files = (
				A17D4D032018947B00C01431 /* ViewController.swift in Sources */,
				A17D4D012018947B00C01431 /* AppDelegate.swift in Sources */,
			);
			runOnlyForDeploymentPostprocessing = 0;
		};
/* End PBXSourcesBuildPhase section */

/* Begin PBXVariantGroup section */
		A17D4D042018947B00C01431 /* Main.storyboard */ = {
			isa = PBXVariantGroup;
			children = (
				A17D4D052018947B00C01431 /* Base */,
			);
			name = Main.storyboard;
			sourceTree = "<group>";
		};
		A17D4D092018947B00C01431 /* LaunchScreen.storyboard */ = {
			isa = PBXVariantGroup;
			children = (
				A17D4D0A2018947B00C01431 /* Base */,
			);
			name = LaunchScreen.storyboard;
			sourceTree = "<group>";
		};
/* End PBXVariantGroup section */

/* Begin XCBuildConfiguration section */
		A17D4D0D2018947B00C01431 /* Debug */ = {
			isa = XCBuildConfiguration;
			buildSettings = {
				ALWAYS_SEARCH_USER_PATHS = NO;
				CLANG_ANALYZER_NONNULL = YES;
				CLANG_ANALYZER_NUMBER_OBJECT_CONVERSION = YES_AGGRESSIVE;
				CLANG_CXX_LANGUAGE_STANDARD = "gnu++14";
				CLANG_CXX_LIBRARY = "libc++";
				CLANG_ENABLE_MODULES = YES;
				CLANG_ENABLE_OBJC_ARC = YES;
				CLANG_WARN_BLOCK_CAPTURE_AUTORELEASING = YES;
				CLANG_WARN_BOOL_CONVERSION = YES;
				CLANG_WARN_COMMA = YES;
				CLANG_WARN_CONSTANT_CONVERSION = YES;
				CLANG_WARN_DEPRECATED_OBJC_IMPLEMENTATIONS = YES;
				CLANG_WARN_DIRECT_OBJC_ISA_USAGE = YES_ERROR;
				CLANG_WARN_DOCUMENTATION_COMMENTS = YES;
				CLANG_WARN_EMPTY_BODY = YES;
				CLANG_WARN_ENUM_CONVERSION = YES;
				CLANG_WARN_INFINITE_RECURSION = YES;
				CLANG_WARN_INT_CONVERSION = YES;
				CLANG_WARN_NON_LITERAL_NULL_CONVERSION = YES;
				CLANG_WARN_OBJC_IMPLICIT_RETAIN_SELF = YES;
				CLANG_WARN_OBJC_LITERAL_CONVERSION = YES;
				CLANG_WARN_OBJC_ROOT_CLASS = YES_ERROR;
				CLANG_WARN_RANGE_LOOP_ANALYSIS = YES;
				CLANG_WARN_STRICT_PROTOTYPES = YES;
				CLANG_WARN_SUSPICIOUS_MOVE = YES;
				CLANG_WARN_UNGUARDED_AVAILABILITY = YES_AGGRESSIVE;
				CLANG_WARN_UNREACHABLE_CODE = YES;
				CLANG_WARN__DUPLICATE_METHOD_MATCH = YES;
				CODE_SIGN_IDENTITY = "iPhone Developer";
				COPY_PHASE_STRIP = NO;
				DEBUG_INFORMATION_FORMAT = dwarf;
				ENABLE_STRICT_OBJC_MSGSEND = YES;
				ENABLE_TESTABILITY = YES;
				GCC_C_LANGUAGE_STANDARD = gnu11;
				GCC_DYNAMIC_NO_PIC = NO;
				GCC_NO_COMMON_BLOCKS = YES;
				GCC_OPTIMIZATION_LEVEL = 0;
				GCC_PREPROCESSOR_DEFINITIONS = (
					"DEBUG=1",
					"$(inherited)",
				);
				GCC_WARN_64_TO_32_BIT_CONVERSION = YES;
				GCC_WARN_ABOUT_RETURN_TYPE = YES_ERROR;
				GCC_WARN_UNDECLARED_SELECTOR = YES;
				GCC_WARN_UNINITIALIZED_AUTOS = YES_AGGRESSIVE;
				GCC_WARN_UNUSED_FUNCTION = YES;
				GCC_WARN_UNUSED_VARIABLE = YES;
				IPHONEOS_DEPLOYMENT_TARGET = 11.2;
				MTL_ENABLE_DEBUG_INFO = YES;
				ONLY_ACTIVE_ARCH = YES;
				SDKROOT = iphoneos;
				SWIFT_ACTIVE_COMPILATION_CONDITIONS = DEBUG;
				SWIFT_OPTIMIZATION_LEVEL = "-Onone";
				SWIFT_VERSION = 4.2;
			};
			name = Debug;
		};
		A17D4D0E2018947B00C01431 /* Release */ = {
			isa = XCBuildConfiguration;
			buildSettings = {
				ALWAYS_SEARCH_USER_PATHS = NO;
				CLANG_ANALYZER_NONNULL = YES;
				CLANG_ANALYZER_NUMBER_OBJECT_CONVERSION = YES_AGGRESSIVE;
				CLANG_CXX_LANGUAGE_STANDARD = "gnu++14";
				CLANG_CXX_LIBRARY = "libc++";
				CLANG_ENABLE_MODULES = YES;
				CLANG_ENABLE_OBJC_ARC = YES;
				CLANG_WARN_BLOCK_CAPTURE_AUTORELEASING = YES;
				CLANG_WARN_BOOL_CONVERSION = YES;
				CLANG_WARN_COMMA = YES;
				CLANG_WARN_CONSTANT_CONVERSION = YES;
				CLANG_WARN_DEPRECATED_OBJC_IMPLEMENTATIONS = YES;
				CLANG_WARN_DIRECT_OBJC_ISA_USAGE = YES_ERROR;
				CLANG_WARN_DOCUMENTATION_COMMENTS = YES;
				CLANG_WARN_EMPTY_BODY = YES;
				CLANG_WARN_ENUM_CONVERSION = YES;
				CLANG_WARN_INFINITE_RECURSION = YES;
				CLANG_WARN_INT_CONVERSION = YES;
				CLANG_WARN_NON_LITERAL_NULL_CONVERSION = YES;
				CLANG_WARN_OBJC_IMPLICIT_RETAIN_SELF = YES;
				CLANG_WARN_OBJC_LITERAL_CONVERSION = YES;
				CLANG_WARN_OBJC_ROOT_CLASS = YES_ERROR;
				CLANG_WARN_RANGE_LOOP_ANALYSIS = YES;
				CLANG_WARN_STRICT_PROTOTYPES = YES;
				CLANG_WARN_SUSPICIOUS_MOVE = YES;
				CLANG_WARN_UNGUARDED_AVAILABILITY = YES_AGGRESSIVE;
				CLANG_WARN_UNREACHABLE_CODE = YES;
				CLANG_WARN__DUPLICATE_METHOD_MATCH = YES;
				CODE_SIGN_IDENTITY = "iPhone Developer";
				COPY_PHASE_STRIP = NO;
				DEBUG_INFORMATION_FORMAT = "dwarf-with-dsym";
				ENABLE_NS_ASSERTIONS = NO;
				ENABLE_STRICT_OBJC_MSGSEND = YES;
				GCC_C_LANGUAGE_STANDARD = gnu11;
				GCC_NO_COMMON_BLOCKS = YES;
				GCC_WARN_64_TO_32_BIT_CONVERSION = YES;
				GCC_WARN_ABOUT_RETURN_TYPE = YES_ERROR;
				GCC_WARN_UNDECLARED_SELECTOR = YES;
				GCC_WARN_UNINITIALIZED_AUTOS = YES_AGGRESSIVE;
				GCC_WARN_UNUSED_FUNCTION = YES;
				GCC_WARN_UNUSED_VARIABLE = YES;
				IPHONEOS_DEPLOYMENT_TARGET = 11.2;
				MTL_ENABLE_DEBUG_INFO = NO;
				SDKROOT = iphoneos;
				SWIFT_OPTIMIZATION_LEVEL = "-Owholemodule";
				SWIFT_VERSION = 4.2;
				VALIDATE_PRODUCT = YES;
			};
			name = Release;
		};
		A17D4D102018947B00C01431 /* Debug */ = {
			isa = XCBuildConfiguration;
			buildSettings = {
				ASSETCATALOG_COMPILER_APPICON_NAME = AppIcon;
				CODE_SIGN_ENTITLEMENTS = "push-notifications-ios/push-notifications-ios.entitlements";
				CODE_SIGN_STYLE = Automatic;
				DEVELOPMENT_TEAM = H7FL434D9W;
				INFOPLIST_FILE = "push-notifications-ios/Info.plist";
				IPHONEOS_DEPLOYMENT_TARGET = 10.0;
				LD_RUNPATH_SEARCH_PATHS = "$(inherited) @executable_path/Frameworks";
				PRODUCT_BUNDLE_IDENTIFIER = "com.pusher.push-notifications-ios";
				PRODUCT_NAME = "$(TARGET_NAME)";
				SWIFT_VERSION = 4.2;
				TARGETED_DEVICE_FAMILY = "1,2";
			};
			name = Debug;
		};
		A17D4D112018947B00C01431 /* Release */ = {
			isa = XCBuildConfiguration;
			buildSettings = {
				ASSETCATALOG_COMPILER_APPICON_NAME = AppIcon;
				CODE_SIGN_ENTITLEMENTS = "push-notifications-ios/push-notifications-ios.entitlements";
				CODE_SIGN_STYLE = Automatic;
				DEVELOPMENT_TEAM = H7FL434D9W;
				INFOPLIST_FILE = "push-notifications-ios/Info.plist";
				IPHONEOS_DEPLOYMENT_TARGET = 10.0;
				LD_RUNPATH_SEARCH_PATHS = "$(inherited) @executable_path/Frameworks";
				PRODUCT_BUNDLE_IDENTIFIER = "com.pusher.push-notifications-ios";
				PRODUCT_NAME = "$(TARGET_NAME)";
				SWIFT_VERSION = 4.2;
				TARGETED_DEVICE_FAMILY = "1,2";
			};
			name = Release;
		};
/* End XCBuildConfiguration section */

/* Begin XCConfigurationList section */
		A17D4CF82018947B00C01431 /* Build configuration list for PBXProject "push-notifications-ios" */ = {
			isa = XCConfigurationList;
			buildConfigurations = (
				A17D4D0D2018947B00C01431 /* Debug */,
				A17D4D0E2018947B00C01431 /* Release */,
			);
			defaultConfigurationIsVisible = 0;
			defaultConfigurationName = Release;
		};
		A17D4D0F2018947B00C01431 /* Build configuration list for PBXNativeTarget "push-notifications-ios" */ = {
			isa = XCConfigurationList;
			buildConfigurations = (
				A17D4D102018947B00C01431 /* Debug */,
				A17D4D112018947B00C01431 /* Release */,
			);
			defaultConfigurationIsVisible = 0;
			defaultConfigurationName = Release;
		};
/* End XCConfigurationList section */
	};
	rootObject = A17D4CF52018947B00C01431 /* Project object */;
}
